// !$*UTF8*$!
{
	archiveVersion = 1;
	classes = {
	};
	objectVersion = 46;
	objects = {

/* Begin PBXBuildFile section */
		072DE7A01B39739B000A1162 /* main.m in Sources */ = {isa = PBXBuildFile; fileRef = 072DE79F1B39739B000A1162 /* main.m */; };
		072DE7A31B39739B000A1162 /* AppDelegate.m in Sources */ = {isa = PBXBuildFile; fileRef = 072DE7A21B39739B000A1162 /* AppDelegate.m */; };
		072DE7AB1B39739B000A1162 /* Images.xcassets in Resources */ = {isa = PBXBuildFile; fileRef = 072DE7AA1B39739B000A1162 /* Images.xcassets */; };
		072DE7AE1B39739B000A1162 /* LaunchScreen.xib in Resources */ = {isa = PBXBuildFile; fileRef = 072DE7AC1B39739B000A1162 /* LaunchScreen.xib */; };
		072DE7BA1B39739B000A1162 /* NostalgiaMusicTests.m in Sources */ = {isa = PBXBuildFile; fileRef = 072DE7B91B39739B000A1162 /* NostalgiaMusicTests.m */; };
/* End PBXBuildFile section */

/* Begin PBXContainerItemProxy section */
		072DE7B41B39739B000A1162 /* PBXContainerItemProxy */ = {
			isa = PBXContainerItemProxy;
			containerPortal = 072DE7921B39739B000A1162 /* Project object */;
			proxyType = 1;
			remoteGlobalIDString = 072DE7991B39739B000A1162;
			remoteInfo = NostalgiaMusic;
		};
/* End PBXContainerItemProxy section */

/* Begin PBXFileReference section */
		072DE79A1B39739B000A1162 /* NostalgiaMusic.app */ = {isa = PBXFileReference; explicitFileType = wrapper.application; includeInIndex = 0; path = NostalgiaMusic.app; sourceTree = BUILT_PRODUCTS_DIR; };
		072DE79E1B39739B000A1162 /* Info.plist */ = {isa = PBXFileReference; lastKnownFileType = text.plist.xml; path = Info.plist; sourceTree = "<group>"; };
		072DE79F1B39739B000A1162 /* main.m */ = {isa = PBXFileReference; lastKnownFileType = sourcecode.c.objc; path = main.m; sourceTree = "<group>"; };
		072DE7A11B39739B000A1162 /* AppDelegate.h */ = {isa = PBXFileReference; lastKnownFileType = sourcecode.c.h; path = AppDelegate.h; sourceTree = "<group>"; };
		072DE7A21B39739B000A1162 /* AppDelegate.m */ = {isa = PBXFileReference; lastKnownFileType = sourcecode.c.objc; path = AppDelegate.m; sourceTree = "<group>"; };
		072DE7AA1B39739B000A1162 /* Images.xcassets */ = {isa = PBXFileReference; lastKnownFileType = folder.assetcatalog; path = Images.xcassets; sourceTree = "<group>"; };
		072DE7AD1B39739B000A1162 /* Base */ = {isa = PBXFileReference; lastKnownFileType = file.xib; name = Base; path = Base.lproj/LaunchScreen.xib; sourceTree = "<group>"; };
		072DE7B31B39739B000A1162 /* NostalgiaMusicTests.xctest */ = {isa = PBXFileReference; explicitFileType = wrapper.cfbundle; includeInIndex = 0; path = NostalgiaMusicTests.xctest; sourceTree = BUILT_PRODUCTS_DIR; };
		072DE7B81B39739B000A1162 /* Info.plist */ = {isa = PBXFileReference; lastKnownFileType = text.plist.xml; path = Info.plist; sourceTree = "<group>"; };
		072DE7B91B39739B000A1162 /* NostalgiaMusicTests.m */ = {isa = PBXFileReference; lastKnownFileType = sourcecode.c.objc; path = NostalgiaMusicTests.m; sourceTree = "<group>"; };
/* End PBXFileReference section */

/* Begin PBXFrameworksBuildPhase section */
		072DE7971B39739B000A1162 /* Frameworks */ = {
			isa = PBXFrameworksBuildPhase;
			buildActionMask = 2147483647;
			files = (
			);
			runOnlyForDeploymentPostprocessing = 0;
		};
		072DE7B01B39739B000A1162 /* Frameworks */ = {
			isa = PBXFrameworksBuildPhase;
			buildActionMask = 2147483647;
			files = (
			);
			runOnlyForDeploymentPostprocessing = 0;
		};
/* End PBXFrameworksBuildPhase section */

/* Begin PBXGroup section */
		072A085D1B3975C00068EEF0 /* Models */ = {
			isa = PBXGroup;
			children = (
			);
			name = Models;
			sourceTree = "<group>";
		};
		072A085E1B3975C70068EEF0 /* Views */ = {
			isa = PBXGroup;
			children = (
			);
			name = Views;
			sourceTree = "<group>";
		};
		072A085F1B3975CE0068EEF0 /* Controllers */ = {
			isa = PBXGroup;
			children = (
			);
			name = Controllers;
			sourceTree = "<group>";
		};
		072A08601B3975D40068EEF0 /* Categories */ = {
			isa = PBXGroup;
			children = (
			);
			name = Categories;
			sourceTree = "<group>";
		};
		072A08611B3975DD0068EEF0 /* Networking */ = {
			isa = PBXGroup;
			children = (
			);
			name = Networking;
			sourceTree = "<group>";
		};
		072DE7911B39739B000A1162 = {
			isa = PBXGroup;
			children = (
				072DE79C1B39739B000A1162 /* NostalgiaMusic */,
				072DE7B61B39739B000A1162 /* NostalgiaMusicTests */,
				072DE79B1B39739B000A1162 /* Products */,
			);
			sourceTree = "<group>";
		};
		072DE79B1B39739B000A1162 /* Products */ = {
			isa = PBXGroup;
			children = (
				072DE79A1B39739B000A1162 /* NostalgiaMusic.app */,
				072DE7B31B39739B000A1162 /* NostalgiaMusicTests.xctest */,
			);
			name = Products;
			sourceTree = "<group>";
		};
		072DE79C1B39739B000A1162 /* NostalgiaMusic */ = {
			isa = PBXGroup;
			children = (
				072A08601B3975D40068EEF0 /* Categories */,
				072A085F1B3975CE0068EEF0 /* Controllers */,
				072A085D1B3975C00068EEF0 /* Models */,
				072A08611B3975DD0068EEF0 /* Networking */,
				072A085E1B3975C70068EEF0 /* Views */,
				072DE7A11B39739B000A1162 /* AppDelegate.h */,
				072DE7A21B39739B000A1162 /* AppDelegate.m */,
				072DE7AA1B39739B000A1162 /* Images.xcassets */,
				072DE7AC1B39739B000A1162 /* LaunchScreen.xib */,
				072DE79D1B39739B000A1162 /* Supporting Files */,
			);
			path = NostalgiaMusic;
			sourceTree = "<group>";
		};
		072DE79D1B39739B000A1162 /* Supporting Files */ = {
			isa = PBXGroup;
			children = (
				072DE79E1B39739B000A1162 /* Info.plist */,
				072DE79F1B39739B000A1162 /* main.m */,
			);
			name = "Supporting Files";
			sourceTree = "<group>";
		};
		072DE7B61B39739B000A1162 /* NostalgiaMusicTests */ = {
			isa = PBXGroup;
			children = (
				072DE7B91B39739B000A1162 /* NostalgiaMusicTests.m */,
				072DE7B71B39739B000A1162 /* Supporting Files */,
			);
			path = NostalgiaMusicTests;
			sourceTree = "<group>";
		};
		072DE7B71B39739B000A1162 /* Supporting Files */ = {
			isa = PBXGroup;
			children = (
				072DE7B81B39739B000A1162 /* Info.plist */,
			);
			name = "Supporting Files";
			sourceTree = "<group>";
		};
/* End PBXGroup section */

/* Begin PBXNativeTarget section */
		072DE7991B39739B000A1162 /* NostalgiaMusic */ = {
			isa = PBXNativeTarget;
			buildConfigurationList = 072DE7BD1B39739B000A1162 /* Build configuration list for PBXNativeTarget "NostalgiaMusic" */;
			buildPhases = (
				072DE7961B39739B000A1162 /* Sources */,
				072DE7971B39739B000A1162 /* Frameworks */,
				072DE7981B39739B000A1162 /* Resources */,
			);
			buildRules = (
			);
			dependencies = (
			);
			name = NostalgiaMusic;
			productName = NostalgiaMusic;
			productReference = 072DE79A1B39739B000A1162 /* NostalgiaMusic.app */;
			productType = "com.apple.product-type.application";
		};
		072DE7B21B39739B000A1162 /* NostalgiaMusicTests */ = {
			isa = PBXNativeTarget;
			buildConfigurationList = 072DE7C01B39739B000A1162 /* Build configuration list for PBXNativeTarget "NostalgiaMusicTests" */;
			buildPhases = (
				072DE7AF1B39739B000A1162 /* Sources */,
				072DE7B01B39739B000A1162 /* Frameworks */,
				072DE7B11B39739B000A1162 /* Resources */,
			);
			buildRules = (
			);
			dependencies = (
				072DE7B51B39739B000A1162 /* PBXTargetDependency */,
			);
			name = NostalgiaMusicTests;
			productName = NostalgiaMusicTests;
			productReference = 072DE7B31B39739B000A1162 /* NostalgiaMusicTests.xctest */;
			productType = "com.apple.product-type.bundle.unit-test";
		};
/* End PBXNativeTarget section */

/* Begin PBXProject section */
		072DE7921B39739B000A1162 /* Project object */ = {
			isa = PBXProject;
			attributes = {
				LastUpgradeCheck = 0630;
				ORGANIZATIONNAME = "Intrepid Pursuits";
				TargetAttributes = {
					072DE7991B39739B000A1162 = {
						CreatedOnToolsVersion = 6.3;
					};
					072DE7B21B39739B000A1162 = {
						CreatedOnToolsVersion = 6.3;
						TestTargetID = 072DE7991B39739B000A1162;
					};
				};
			};
			buildConfigurationList = 072DE7951B39739B000A1162 /* Build configuration list for PBXProject "NostalgiaMusic" */;
			compatibilityVersion = "Xcode 3.2";
			developmentRegion = English;
			hasScannedForEncodings = 0;
			knownRegions = (
				en,
				Base,
			);
			mainGroup = 072DE7911B39739B000A1162;
			productRefGroup = 072DE79B1B39739B000A1162 /* Products */;
			projectDirPath = "";
			projectRoot = "";
			targets = (
				072DE7991B39739B000A1162 /* NostalgiaMusic */,
				072DE7B21B39739B000A1162 /* NostalgiaMusicTests */,
			);
		};
/* End PBXProject section */

/* Begin PBXResourcesBuildPhase section */
		072DE7981B39739B000A1162 /* Resources */ = {
			isa = PBXResourcesBuildPhase;
			buildActionMask = 2147483647;
			files = (
				072DE7AE1B39739B000A1162 /* LaunchScreen.xib in Resources */,
				072DE7AB1B39739B000A1162 /* Images.xcassets in Resources */,
			);
			runOnlyForDeploymentPostprocessing = 0;
		};
		072DE7B11B39739B000A1162 /* Resources */ = {
			isa = PBXResourcesBuildPhase;
			buildActionMask = 2147483647;
			files = (
			);
			runOnlyForDeploymentPostprocessing = 0;
		};
/* End PBXResourcesBuildPhase section */

/* Begin PBXSourcesBuildPhase section */
		072DE7961B39739B000A1162 /* Sources */ = {
			isa = PBXSourcesBuildPhase;
			buildActionMask = 2147483647;
			files = (
				072DE7A31B39739B000A1162 /* AppDelegate.m in Sources */,
				072DE7A01B39739B000A1162 /* main.m in Sources */,
			);
			runOnlyForDeploymentPostprocessing = 0;
		};
		072DE7AF1B39739B000A1162 /* Sources */ = {
			isa = PBXSourcesBuildPhase;
			buildActionMask = 2147483647;
			files = (
				072DE7BA1B39739B000A1162 /* NostalgiaMusicTests.m in Sources */,
			);
			runOnlyForDeploymentPostprocessing = 0;
		};
/* End PBXSourcesBuildPhase section */

/* Begin PBXTargetDependency section */
		072DE7B51B39739B000A1162 /* PBXTargetDependency */ = {
			isa = PBXTargetDependency;
			target = 072DE7991B39739B000A1162 /* NostalgiaMusic */;
			targetProxy = 072DE7B41B39739B000A1162 /* PBXContainerItemProxy */;
		};
/* End PBXTargetDependency section */

/* Begin PBXVariantGroup section */
		072DE7AC1B39739B000A1162 /* LaunchScreen.xib */ = {
			isa = PBXVariantGroup;
			children = (
				072DE7AD1B39739B000A1162 /* Base */,
			);
			name = LaunchScreen.xib;
			sourceTree = "<group>";
		};
/* End PBXVariantGroup section */

/* Begin XCBuildConfiguration section */
		072DE7BB1B39739B000A1162 /* Debug */ = {
			isa = XCBuildConfiguration;
			buildSettings = {
				ALWAYS_SEARCH_USER_PATHS = NO;
				CLANG_CXX_LANGUAGE_STANDARD = "gnu++0x";
				CLANG_CXX_LIBRARY = "libc++";
				CLANG_ENABLE_MODULES = YES;
				CLANG_ENABLE_OBJC_ARC = YES;
				CLANG_WARN_BOOL_CONVERSION = YES;
				CLANG_WARN_CONSTANT_CONVERSION = YES;
				CLANG_WARN_DIRECT_OBJC_ISA_USAGE = YES_ERROR;
				CLANG_WARN_EMPTY_BODY = YES;
				CLANG_WARN_ENUM_CONVERSION = YES;
				CLANG_WARN_INT_CONVERSION = YES;
				CLANG_WARN_OBJC_ROOT_CLASS = YES_ERROR;
				CLANG_WARN_UNREACHABLE_CODE = YES;
				CLANG_WARN__DUPLICATE_METHOD_MATCH = YES;
				"CODE_SIGN_IDENTITY[sdk=iphoneos*]" = "iPhone Developer";
				COPY_PHASE_STRIP = NO;
				DEBUG_INFORMATION_FORMAT = "dwarf-with-dsym";
				ENABLE_STRICT_OBJC_MSGSEND = YES;
				GCC_C_LANGUAGE_STANDARD = gnu99;
				GCC_DYNAMIC_NO_PIC = NO;
				GCC_NO_COMMON_BLOCKS = YES;
				GCC_OPTIMIZATION_LEVEL = 0;
				GCC_PREPROCESSOR_DEFINITIONS = (
					"DEBUG=1",
					"$(inherited)",
				);
				GCC_SYMBOLS_PRIVATE_EXTERN = NO;
				GCC_WARN_64_TO_32_BIT_CONVERSION = YES;
				GCC_WARN_ABOUT_RETURN_TYPE = YES_ERROR;
				GCC_WARN_UNDECLARED_SELECTOR = YES;
				GCC_WARN_UNINITIALIZED_AUTOS = YES_AGGRESSIVE;
				GCC_WARN_UNUSED_FUNCTION = YES;
				GCC_WARN_UNUSED_VARIABLE = YES;
				IPHONEOS_DEPLOYMENT_TARGET = 8.3;
				MTL_ENABLE_DEBUG_INFO = YES;
				ONLY_ACTIVE_ARCH = YES;
				SDKROOT = iphoneos;
				TARGETED_DEVICE_FAMILY = "1,2";
			};
			name = Debug;
		};
		072DE7BC1B39739B000A1162 /* Release */ = {
			isa = XCBuildConfiguration;
			buildSettings = {
				ALWAYS_SEARCH_USER_PATHS = NO;
				CLANG_CXX_LANGUAGE_STANDARD = "gnu++0x";
				CLANG_CXX_LIBRARY = "libc++";
				CLANG_ENABLE_MODULES = YES;
				CLANG_ENABLE_OBJC_ARC = YES;
				CLANG_WARN_BOOL_CONVERSION = YES;
				CLANG_WARN_CONSTANT_CONVERSION = YES;
				CLANG_WARN_DIRECT_OBJC_ISA_USAGE = YES_ERROR;
				CLANG_WARN_EMPTY_BODY = YES;
				CLANG_WARN_ENUM_CONVERSION = YES;
				CLANG_WARN_INT_CONVERSION = YES;
				CLANG_WARN_OBJC_ROOT_CLASS = YES_ERROR;
				CLANG_WARN_UNREACHABLE_CODE = YES;
				CLANG_WARN__DUPLICATE_METHOD_MATCH = YES;
				"CODE_SIGN_IDENTITY[sdk=iphoneos*]" = "iPhone Developer";
				COPY_PHASE_STRIP = NO;
				DEBUG_INFORMATION_FORMAT = "dwarf-with-dsym";
				ENABLE_NS_ASSERTIONS = NO;
				ENABLE_STRICT_OBJC_MSGSEND = YES;
				GCC_C_LANGUAGE_STANDARD = gnu99;
				GCC_NO_COMMON_BLOCKS = YES;
				GCC_WARN_64_TO_32_BIT_CONVERSION = YES;
				GCC_WARN_ABOUT_RETURN_TYPE = YES_ERROR;
				GCC_WARN_UNDECLARED_SELECTOR = YES;
				GCC_WARN_UNINITIALIZED_AUTOS = YES_AGGRESSIVE;
				GCC_WARN_UNUSED_FUNCTION = YES;
				GCC_WARN_UNUSED_VARIABLE = YES;
				IPHONEOS_DEPLOYMENT_TARGET = 8.3;
				MTL_ENABLE_DEBUG_INFO = NO;
				SDKROOT = iphoneos;
				TARGETED_DEVICE_FAMILY = "1,2";
				VALIDATE_PRODUCT = YES;
			};
			name = Release;
		};
		072DE7BE1B39739B000A1162 /* Debug */ = {
			isa = XCBuildConfiguration;
			buildSettings = {
				ASSETCATALOG_COMPILER_APPICON_NAME = AppIcon;
				INFOPLIST_FILE = NostalgiaMusic/Info.plist;
				LD_RUNPATH_SEARCH_PATHS = "$(inherited) @executable_path/Frameworks";
				PRODUCT_NAME = "$(TARGET_NAME)";
			};
			name = Debug;
		};
		072DE7BF1B39739B000A1162 /* Release */ = {
			isa = XCBuildConfiguration;
			buildSettings = {
				ASSETCATALOG_COMPILER_APPICON_NAME = AppIcon;
				INFOPLIST_FILE = NostalgiaMusic/Info.plist;
				LD_RUNPATH_SEARCH_PATHS = "$(inherited) @executable_path/Frameworks";
				PRODUCT_NAME = "$(TARGET_NAME)";
			};
			name = Release;
		};
		072DE7C11B39739B000A1162 /* Debug */ = {
			isa = XCBuildConfiguration;
			buildSettings = {
				BUNDLE_LOADER = "$(TEST_HOST)";
				FRAMEWORK_SEARCH_PATHS = (
					"$(SDKROOT)/Developer/Library/Frameworks",
					"$(inherited)",
				);
				GCC_PREPROCESSOR_DEFINITIONS = (
					"DEBUG=1",
					"$(inherited)",
				);
				INFOPLIST_FILE = NostalgiaMusicTests/Info.plist;
				LD_RUNPATH_SEARCH_PATHS = "$(inherited) @executable_path/Frameworks @loader_path/Frameworks";
				PRODUCT_NAME = "$(TARGET_NAME)";
				TEST_HOST = "$(BUILT_PRODUCTS_DIR)/NostalgiaMusic.app/NostalgiaMusic";
			};
			name = Debug;
		};
		072DE7C21B39739B000A1162 /* Release */ = {
			isa = XCBuildConfiguration;
			buildSettings = {
				BUNDLE_LOADER = "$(TEST_HOST)";
				FRAMEWORK_SEARCH_PATHS = (
					"$(SDKROOT)/Developer/Library/Frameworks",
					"$(inherited)",
				);
				INFOPLIST_FILE = NostalgiaMusicTests/Info.plist;
				LD_RUNPATH_SEARCH_PATHS = "$(inherited) @executable_path/Frameworks @loader_path/Frameworks";
				PRODUCT_NAME = "$(TARGET_NAME)";
				TEST_HOST = "$(BUILT_PRODUCTS_DIR)/NostalgiaMusic.app/NostalgiaMusic";
			};
			name = Release;
		};
/* End XCBuildConfiguration section */

/* Begin XCConfigurationList section */
		072DE7951B39739B000A1162 /* Build configuration list for PBXProject "NostalgiaMusic" */ = {
			isa = XCConfigurationList;
			buildConfigurations = (
				072DE7BB1B39739B000A1162 /* Debug */,
				072DE7BC1B39739B000A1162 /* Release */,
			);
			defaultConfigurationIsVisible = 0;
			defaultConfigurationName = Release;
		};
		072DE7BD1B39739B000A1162 /* Build configuration list for PBXNativeTarget "NostalgiaMusic" */ = {
			isa = XCConfigurationList;
			buildConfigurations = (
				072DE7BE1B39739B000A1162 /* Debug */,
				072DE7BF1B39739B000A1162 /* Release */,
			);
			defaultConfigurationIsVisible = 0;
			defaultConfigurationName = Release;
		};
		072DE7C01B39739B000A1162 /* Build configuration list for PBXNativeTarget "NostalgiaMusicTests" */ = {
			isa = XCConfigurationList;
			buildConfigurations = (
				072DE7C11B39739B000A1162 /* Debug */,
				072DE7C21B39739B000A1162 /* Release */,
			);
			defaultConfigurationIsVisible = 0;
			defaultConfigurationName = Release;
		};
/* End XCConfigurationList section */
	};
	rootObject = 072DE7921B39739B000A1162 /* Project object */;
}
