// !$*UTF8*$!
{
	archiveVersion = 1;
	classes = {
	};
	objectVersion = 46;
	objects = {

/* Begin PBXBuildFile section */
		072A08661B3976660068EEF0 /* NMAHomeViewController.m in Sources */ = {isa = PBXBuildFile; fileRef = 072A08641B3976660068EEF0 /* NMAHomeViewController.m */; };
		072A08671B3976660068EEF0 /* NMAHomeViewController.xib in Resources */ = {isa = PBXBuildFile; fileRef = 072A08651B3976660068EEF0 /* NMAHomeViewController.xib */; };
		072DE7A01B39739B000A1162 /* main.m in Sources */ = {isa = PBXBuildFile; fileRef = 072DE79F1B39739B000A1162 /* main.m */; };
		072DE7A31B39739B000A1162 /* AppDelegate.m in Sources */ = {isa = PBXBuildFile; fileRef = 072DE7A21B39739B000A1162 /* AppDelegate.m */; };
		072DE7AB1B39739B000A1162 /* Images.xcassets in Resources */ = {isa = PBXBuildFile; fileRef = 072DE7AA1B39739B000A1162 /* Images.xcassets */; };
		072DE7AE1B39739B000A1162 /* LaunchScreen.xib in Resources */ = {isa = PBXBuildFile; fileRef = 072DE7AC1B39739B000A1162 /* LaunchScreen.xib */; };
		072DE7BA1B39739B000A1162 /* NostalgiaMusicTests.m in Sources */ = {isa = PBXBuildFile; fileRef = 072DE7B91B39739B000A1162 /* NostalgiaMusicTests.m */; };
		07CD48091B4DCF80005B8805 /* NMANoFBActivityTableViewCell.m in Sources */ = {isa = PBXBuildFile; fileRef = 07CD48071B4DCF80005B8805 /* NMANoFBActivityTableViewCell.m */; };
		07CD480A1B4DCF80005B8805 /* NMANoFBActivityTableViewCell.xib in Resources */ = {isa = PBXBuildFile; fileRef = 07CD48081B4DCF80005B8805 /* NMANoFBActivityTableViewCell.xib */; };
		07ECCBF51B3A0B730089D042 /* NMASettingsViewController.m in Sources */ = {isa = PBXBuildFile; fileRef = 07ECCBF31B3A0B730089D042 /* NMASettingsViewController.m */; };
		07ECCBF61B3A0B730089D042 /* NMASettingsViewController.xib in Resources */ = {isa = PBXBuildFile; fileRef = 07ECCBF41B3A0B730089D042 /* NMASettingsViewController.xib */; };
		07ECCBF91B3A0F760089D042 /* NMAAppSettings.m in Sources */ = {isa = PBXBuildFile; fileRef = 07ECCBF81B3A0F760089D042 /* NMAAppSettings.m */; };
		07ECCBFC1B4AEEB70089D042 /* NMAFBActivity.m in Sources */ = {isa = PBXBuildFile; fileRef = 07ECCBFB1B4AEEB70089D042 /* NMAFBActivity.m */; };
		07ECCBFF1B4B12830089D042 /* NMADay.m in Sources */ = {isa = PBXBuildFile; fileRef = 07ECCBFE1B4B12830089D042 /* NMADay.m */; };
		07ECCC061B4C08E30089D042 /* NMAFBActivityTableViewCell.m in Sources */ = {isa = PBXBuildFile; fileRef = 07ECCC041B4C08E30089D042 /* NMAFBActivityTableViewCell.m */; };
		07ECCC071B4C08E30089D042 /* NMAFBActivityTableViewCell.xib in Resources */ = {isa = PBXBuildFile; fileRef = 07ECCC051B4C08E30089D042 /* NMAFBActivityTableViewCell.xib */; };
		07ED93221B54867C004879C0 /* NMAFBLike.m in Sources */ = {isa = PBXBuildFile; fileRef = 07ED93211B54867C004879C0 /* NMAFBLike.m */; };
		07ED93251B548828004879C0 /* NMAFBComment.m in Sources */ = {isa = PBXBuildFile; fileRef = 07ED93241B548828004879C0 /* NMAFBComment.m */; };
		07ED93291B54A5F4004879C0 /* NMASectionHeader.m in Sources */ = {isa = PBXBuildFile; fileRef = 07ED93271B54A5F4004879C0 /* NMASectionHeader.m */; };
		07ED932A1B54A5F4004879C0 /* NMASectionHeader.xib in Resources */ = {isa = PBXBuildFile; fileRef = 07ED93281B54A5F4004879C0 /* NMASectionHeader.xib */; };
		611F6A4B1B41D9CA00091809 /* NMAYearActivityScrollViewController.m in Sources */ = {isa = PBXBuildFile; fileRef = 611F6A4A1B41D9CA00091809 /* NMAYearActivityScrollViewController.m */; };
		612CDE431B4EA5E100FDCEF9 /* NMASettingsSwitchCell.m in Sources */ = {isa = PBXBuildFile; fileRef = 612CDE411B4EA5E100FDCEF9 /* NMASettingsSwitchCell.m */; };
		612CDE441B4EA5E100FDCEF9 /* NMASettingsSwitchCell.xib in Resources */ = {isa = PBXBuildFile; fileRef = 612CDE421B4EA5E100FDCEF9 /* NMASettingsSwitchCell.xib */; };
		612CDE4D1B4EB8EB00FDCEF9 /* NMAFeedbackTableViewCell.m in Sources */ = {isa = PBXBuildFile; fileRef = 612CDE4B1B4EB8EB00FDCEF9 /* NMAFeedbackTableViewCell.m */; };
		612CDE4E1B4EB8EB00FDCEF9 /* NMAFeedbackTableViewCell.xib in Resources */ = {isa = PBXBuildFile; fileRef = 612CDE4C1B4EB8EB00FDCEF9 /* NMAFeedbackTableViewCell.xib */; };
		612D1F1D1B45BF8D004C7EBE /* NMANewsStory.m in Sources */ = {isa = PBXBuildFile; fileRef = 612D1F1C1B45BF8D004C7EBE /* NMANewsStory.m */; };
		614DB1331B4AD3AF003CAAA6 /* NMANewsStoryTableViewCell.m in Sources */ = {isa = PBXBuildFile; fileRef = 614DB1311B4AD3AF003CAAA6 /* NMANewsStoryTableViewCell.m */; };
		614DB1341B4AD3AF003CAAA6 /* NMANewsStoryTableViewCell.xib in Resources */ = {isa = PBXBuildFile; fileRef = 614DB1321B4AD3AF003CAAA6 /* NMANewsStoryTableViewCell.xib */; };
		61550BC21B3C4B1E00C1CDB3 /* NMAYearCollectionViewCell.m in Sources */ = {isa = PBXBuildFile; fileRef = 61550BC01B3C4B1E00C1CDB3 /* NMAYearCollectionViewCell.m */; };
		61550BC31B3C4B1E00C1CDB3 /* NMAYearCollectionViewCell.xib in Resources */ = {isa = PBXBuildFile; fileRef = 61550BC11B3C4B1E00C1CDB3 /* NMAYearCollectionViewCell.xib */; };
		6159114B1B3C4B6B006B6779 /* NMAYearCollectionViewController.m in Sources */ = {isa = PBXBuildFile; fileRef = 615911491B3C4B6B006B6779 /* NMAYearCollectionViewController.m */; };
		6159114C1B3C4B6B006B6779 /* NMAYearCollectionViewController.xib in Resources */ = {isa = PBXBuildFile; fileRef = 6159114A1B3C4B6B006B6779 /* NMAYearCollectionViewController.xib */; };
		615911501B3C89B3006B6779 /* NMAContentTableViewController.m in Sources */ = {isa = PBXBuildFile; fileRef = 6159114E1B3C89B3006B6779 /* NMAContentTableViewController.m */; };
		615911571B3D83AA006B6779 /* NMAYearTableViewCell.m in Sources */ = {isa = PBXBuildFile; fileRef = 615911551B3D83AA006B6779 /* NMAYearTableViewCell.m */; };
		615911581B3D83AA006B6779 /* NMAYearTableViewCell.xib in Resources */ = {isa = PBXBuildFile; fileRef = 615911561B3D83AA006B6779 /* NMAYearTableViewCell.xib */; };
		7298F60D732AB73E39D96C00 /* libPods.a in Frameworks */ = {isa = PBXBuildFile; fileRef = 486067421913674E7836A8E0 /* libPods.a */; };
		E508FB1C1B41C1B80040AEF9 /* NMAFBConnectViewController.m in Sources */ = {isa = PBXBuildFile; fileRef = E508FB1A1B41C1B80040AEF9 /* NMAFBConnectViewController.m */; };
		E50E347E1B43068100F10A5A /* NMADatabaseManager.m in Sources */ = {isa = PBXBuildFile; fileRef = E50E347D1B43068100F10A5A /* NMADatabaseManager.m */; };
		E50E34801B431D1000F10A5A /* libsqlite3.dylib in Frameworks */ = {isa = PBXBuildFile; fileRef = E50E347F1B431D1000F10A5A /* libsqlite3.dylib */; };
		E50E34841B4332D700F10A5A /* NMAContentTableViewController.xib in Resources */ = {isa = PBXBuildFile; fileRef = 6159114F1B3C89B3006B6779 /* NMAContentTableViewController.xib */; };
		E50E34861B43331900F10A5A /* tracks.db in Resources */ = {isa = PBXBuildFile; fileRef = E50E34851B43331900F10A5A /* tracks.db */; };
		E50E348A1B44461E00F10A5A /* NMASong.m in Sources */ = {isa = PBXBuildFile; fileRef = E50E34891B44461E00F10A5A /* NMASong.m */; };
		E50E348D1B44584E00F10A5A /* NMARequestManager.m in Sources */ = {isa = PBXBuildFile; fileRef = E50E348C1B44584E00F10A5A /* NMARequestManager.m */; };
		E5141B641B4899D3002BC232 /* NMATodaysSongTableViewCell.m in Sources */ = {isa = PBXBuildFile; fileRef = E5141B621B4899D3002BC232 /* NMATodaysSongTableViewCell.m */; };
		E5141B651B4899D3002BC232 /* NMATodaysSongTableViewCell.xib in Resources */ = {isa = PBXBuildFile; fileRef = E5141B631B4899D3002BC232 /* NMATodaysSongTableViewCell.xib */; };
		E515FDCE1B4D7CB3000E47E3 /* AVFoundation.framework in Frameworks */ = {isa = PBXBuildFile; fileRef = E515FDCD1B4D7CB3000E47E3 /* AVFoundation.framework */; };
		E515FDD61B4DAD13000E47E3 /* ProximaNova-Light.otf in Resources */ = {isa = PBXBuildFile; fileRef = E515FDD11B4DAD13000E47E3 /* ProximaNova-Light.otf */; };
		E515FDD71B4DAD13000E47E3 /* ProximaNova-Regular.otf in Resources */ = {isa = PBXBuildFile; fileRef = E515FDD21B4DAD13000E47E3 /* ProximaNova-Regular.otf */; };
		E515FDD81B4DAD13000E47E3 /* ProximaNova-Semibold.otf in Resources */ = {isa = PBXBuildFile; fileRef = E515FDD31B4DAD13000E47E3 /* ProximaNova-Semibold.otf */; };
		E515FDDD1B4DB126000E47E3 /* UIFont+NMAFonts.m in Sources */ = {isa = PBXBuildFile; fileRef = E515FDDC1B4DB126000E47E3 /* UIFont+NMAFonts.m */; };
		E515FDE01B4DB7B0000E47E3 /* UIColor+NMAColors.m in Sources */ = {isa = PBXBuildFile; fileRef = E515FDDF1B4DB7B0000E47E3 /* UIColor+NMAColors.m */; };
		E515FDE71B4F0C9F000E47E3 /* NMAPlaybackManager.m in Sources */ = {isa = PBXBuildFile; fileRef = E515FDE61B4F0C9F000E47E3 /* NMAPlaybackManager.m */; };
		E515FDE91B4F436C000E47E3 /* NMAFBConnectViewController.xib in Resources */ = {isa = PBXBuildFile; fileRef = E515FDE81B4F436C000E47E3 /* NMAFBConnectViewController.xib */; };
/* End PBXBuildFile section */

/* Begin PBXContainerItemProxy section */
		072DE7B41B39739B000A1162 /* PBXContainerItemProxy */ = {
			isa = PBXContainerItemProxy;
			containerPortal = 072DE7921B39739B000A1162 /* Project object */;
			proxyType = 1;
			remoteGlobalIDString = 072DE7991B39739B000A1162;
			remoteInfo = NostalgiaMusic;
		};
/* End PBXContainerItemProxy section */

/* Begin PBXFileReference section */
		072A08631B3976660068EEF0 /* NMAHomeViewController.h */ = {isa = PBXFileReference; fileEncoding = 4; lastKnownFileType = sourcecode.c.h; name = NMAHomeViewController.h; path = Controllers/Home/NMAHomeViewController.h; sourceTree = "<group>"; };
		072A08641B3976660068EEF0 /* NMAHomeViewController.m */ = {isa = PBXFileReference; fileEncoding = 4; lastKnownFileType = sourcecode.c.objc; name = NMAHomeViewController.m; path = Controllers/Home/NMAHomeViewController.m; sourceTree = "<group>"; };
		072A08651B3976660068EEF0 /* NMAHomeViewController.xib */ = {isa = PBXFileReference; fileEncoding = 4; lastKnownFileType = file.xib; name = NMAHomeViewController.xib; path = Controllers/Home/NMAHomeViewController.xib; sourceTree = "<group>"; };
		072DE79A1B39739B000A1162 /* NostalgiaMusic.app */ = {isa = PBXFileReference; explicitFileType = wrapper.application; includeInIndex = 0; path = NostalgiaMusic.app; sourceTree = BUILT_PRODUCTS_DIR; };
		072DE79E1B39739B000A1162 /* Info.plist */ = {isa = PBXFileReference; lastKnownFileType = text.plist.xml; path = Info.plist; sourceTree = "<group>"; };
		072DE79F1B39739B000A1162 /* main.m */ = {isa = PBXFileReference; lastKnownFileType = sourcecode.c.objc; path = main.m; sourceTree = "<group>"; };
		072DE7A11B39739B000A1162 /* AppDelegate.h */ = {isa = PBXFileReference; lastKnownFileType = sourcecode.c.h; path = AppDelegate.h; sourceTree = "<group>"; };
		072DE7A21B39739B000A1162 /* AppDelegate.m */ = {isa = PBXFileReference; lastKnownFileType = sourcecode.c.objc; path = AppDelegate.m; sourceTree = "<group>"; };
		072DE7AA1B39739B000A1162 /* Images.xcassets */ = {isa = PBXFileReference; lastKnownFileType = folder.assetcatalog; path = Images.xcassets; sourceTree = "<group>"; };
		072DE7AD1B39739B000A1162 /* Base */ = {isa = PBXFileReference; lastKnownFileType = file.xib; name = Base; path = Base.lproj/LaunchScreen.xib; sourceTree = "<group>"; };
		072DE7B31B39739B000A1162 /* NostalgiaMusicTests.xctest */ = {isa = PBXFileReference; explicitFileType = wrapper.cfbundle; includeInIndex = 0; path = NostalgiaMusicTests.xctest; sourceTree = BUILT_PRODUCTS_DIR; };
		072DE7B81B39739B000A1162 /* Info.plist */ = {isa = PBXFileReference; lastKnownFileType = text.plist.xml; path = Info.plist; sourceTree = "<group>"; };
		072DE7B91B39739B000A1162 /* NostalgiaMusicTests.m */ = {isa = PBXFileReference; lastKnownFileType = sourcecode.c.objc; path = NostalgiaMusicTests.m; sourceTree = "<group>"; };
		07CD48061B4DCF80005B8805 /* NMANoFBActivityTableViewCell.h */ = {isa = PBXFileReference; fileEncoding = 4; lastKnownFileType = sourcecode.c.h; name = NMANoFBActivityTableViewCell.h; path = Views/FBActivity/NMANoFBActivityTableViewCell.h; sourceTree = "<group>"; };
		07CD48071B4DCF80005B8805 /* NMANoFBActivityTableViewCell.m */ = {isa = PBXFileReference; fileEncoding = 4; lastKnownFileType = sourcecode.c.objc; name = NMANoFBActivityTableViewCell.m; path = Views/FBActivity/NMANoFBActivityTableViewCell.m; sourceTree = "<group>"; };
		07CD48081B4DCF80005B8805 /* NMANoFBActivityTableViewCell.xib */ = {isa = PBXFileReference; fileEncoding = 4; lastKnownFileType = file.xib; name = NMANoFBActivityTableViewCell.xib; path = Views/FBActivity/NMANoFBActivityTableViewCell.xib; sourceTree = "<group>"; };
		07ECCBF21B3A0B730089D042 /* NMASettingsViewController.h */ = {isa = PBXFileReference; fileEncoding = 4; lastKnownFileType = sourcecode.c.h; name = NMASettingsViewController.h; path = Controllers/Settings/NMASettingsViewController.h; sourceTree = "<group>"; };
		07ECCBF31B3A0B730089D042 /* NMASettingsViewController.m */ = {isa = PBXFileReference; fileEncoding = 4; lastKnownFileType = sourcecode.c.objc; name = NMASettingsViewController.m; path = Controllers/Settings/NMASettingsViewController.m; sourceTree = "<group>"; };
		07ECCBF41B3A0B730089D042 /* NMASettingsViewController.xib */ = {isa = PBXFileReference; fileEncoding = 4; lastKnownFileType = file.xib; name = NMASettingsViewController.xib; path = Controllers/Settings/NMASettingsViewController.xib; sourceTree = "<group>"; };
		07ECCBF71B3A0F760089D042 /* NMAAppSettings.h */ = {isa = PBXFileReference; fileEncoding = 4; lastKnownFileType = sourcecode.c.h; name = NMAAppSettings.h; path = Models/NMAAppSettings.h; sourceTree = "<group>"; };
		07ECCBF81B3A0F760089D042 /* NMAAppSettings.m */ = {isa = PBXFileReference; fileEncoding = 4; lastKnownFileType = sourcecode.c.objc; name = NMAAppSettings.m; path = Models/NMAAppSettings.m; sourceTree = "<group>"; };
		07ECCBFA1B4AEEB70089D042 /* NMAFBActivity.h */ = {isa = PBXFileReference; fileEncoding = 4; lastKnownFileType = sourcecode.c.h; name = NMAFBActivity.h; path = Models/NMAFBActivity.h; sourceTree = "<group>"; };
		07ECCBFB1B4AEEB70089D042 /* NMAFBActivity.m */ = {isa = PBXFileReference; fileEncoding = 4; lastKnownFileType = sourcecode.c.objc; name = NMAFBActivity.m; path = Models/NMAFBActivity.m; sourceTree = "<group>"; };
		07ECCBFD1B4B12830089D042 /* NMADay.h */ = {isa = PBXFileReference; fileEncoding = 4; lastKnownFileType = sourcecode.c.h; name = NMADay.h; path = Models/NMADay.h; sourceTree = "<group>"; };
		07ECCBFE1B4B12830089D042 /* NMADay.m */ = {isa = PBXFileReference; fileEncoding = 4; lastKnownFileType = sourcecode.c.objc; name = NMADay.m; path = Models/NMADay.m; sourceTree = "<group>"; };
		07ECCC031B4C08E30089D042 /* NMAFBActivityTableViewCell.h */ = {isa = PBXFileReference; fileEncoding = 4; lastKnownFileType = sourcecode.c.h; path = NMAFBActivityTableViewCell.h; sourceTree = "<group>"; };
		07ECCC041B4C08E30089D042 /* NMAFBActivityTableViewCell.m */ = {isa = PBXFileReference; fileEncoding = 4; lastKnownFileType = sourcecode.c.objc; path = NMAFBActivityTableViewCell.m; sourceTree = "<group>"; };
		07ECCC051B4C08E30089D042 /* NMAFBActivityTableViewCell.xib */ = {isa = PBXFileReference; fileEncoding = 4; lastKnownFileType = file.xib; path = NMAFBActivityTableViewCell.xib; sourceTree = "<group>"; };
		07ED93201B54867C004879C0 /* NMAFBLike.h */ = {isa = PBXFileReference; fileEncoding = 4; lastKnownFileType = sourcecode.c.h; name = NMAFBLike.h; path = Models/FBActivity/NMAFBLike.h; sourceTree = "<group>"; };
		07ED93211B54867C004879C0 /* NMAFBLike.m */ = {isa = PBXFileReference; fileEncoding = 4; lastKnownFileType = sourcecode.c.objc; name = NMAFBLike.m; path = Models/FBActivity/NMAFBLike.m; sourceTree = "<group>"; };
		07ED93231B548828004879C0 /* NMAFBComment.h */ = {isa = PBXFileReference; fileEncoding = 4; lastKnownFileType = sourcecode.c.h; name = NMAFBComment.h; path = Models/FBActivity/NMAFBComment.h; sourceTree = "<group>"; };
		07ED93241B548828004879C0 /* NMAFBComment.m */ = {isa = PBXFileReference; fileEncoding = 4; lastKnownFileType = sourcecode.c.objc; name = NMAFBComment.m; path = Models/FBActivity/NMAFBComment.m; sourceTree = "<group>"; };
		07ED93261B54A5F4004879C0 /* NMASectionHeader.h */ = {isa = PBXFileReference; fileEncoding = 4; lastKnownFileType = sourcecode.c.h; path = NMASectionHeader.h; sourceTree = "<group>"; };
		07ED93271B54A5F4004879C0 /* NMASectionHeader.m */ = {isa = PBXFileReference; fileEncoding = 4; lastKnownFileType = sourcecode.c.objc; path = NMASectionHeader.m; sourceTree = "<group>"; };
		07ED93281B54A5F4004879C0 /* NMASectionHeader.xib */ = {isa = PBXFileReference; fileEncoding = 4; lastKnownFileType = file.xib; path = NMASectionHeader.xib; sourceTree = "<group>"; };
		34F0AB6AF7E7AA5B13779A62 /* Pods.release.xcconfig */ = {isa = PBXFileReference; includeInIndex = 1; lastKnownFileType = text.xcconfig; name = Pods.release.xcconfig; path = "Pods/Target Support Files/Pods/Pods.release.xcconfig"; sourceTree = "<group>"; };
		486067421913674E7836A8E0 /* libPods.a */ = {isa = PBXFileReference; explicitFileType = archive.ar; includeInIndex = 0; path = libPods.a; sourceTree = BUILT_PRODUCTS_DIR; };
		611F6A491B41D9CA00091809 /* NMAYearActivityScrollViewController.h */ = {isa = PBXFileReference; fileEncoding = 4; lastKnownFileType = sourcecode.c.h; path = NMAYearActivityScrollViewController.h; sourceTree = "<group>"; };
		611F6A4A1B41D9CA00091809 /* NMAYearActivityScrollViewController.m */ = {isa = PBXFileReference; fileEncoding = 4; lastKnownFileType = sourcecode.c.objc; path = NMAYearActivityScrollViewController.m; sourceTree = "<group>"; };
		611F6A4C1B42E18500091809 /* NMAYearActivityScrollDelegate.h */ = {isa = PBXFileReference; lastKnownFileType = sourcecode.c.h; name = NMAYearActivityScrollDelegate.h; path = Controllers/Home/NMAYearActivityScrollDelegate.h; sourceTree = "<group>"; };
		612CDE401B4EA5E100FDCEF9 /* NMASettingsSwitchCell.h */ = {isa = PBXFileReference; fileEncoding = 4; lastKnownFileType = sourcecode.c.h; name = NMASettingsSwitchCell.h; path = Views/NMASettingsSwitchCell.h; sourceTree = "<group>"; };
		612CDE411B4EA5E100FDCEF9 /* NMASettingsSwitchCell.m */ = {isa = PBXFileReference; fileEncoding = 4; lastKnownFileType = sourcecode.c.objc; name = NMASettingsSwitchCell.m; path = Views/NMASettingsSwitchCell.m; sourceTree = "<group>"; };
		612CDE421B4EA5E100FDCEF9 /* NMASettingsSwitchCell.xib */ = {isa = PBXFileReference; fileEncoding = 4; lastKnownFileType = file.xib; name = NMASettingsSwitchCell.xib; path = Views/NMASettingsSwitchCell.xib; sourceTree = "<group>"; };
		612CDE4A1B4EB8EB00FDCEF9 /* NMAFeedbackTableViewCell.h */ = {isa = PBXFileReference; fileEncoding = 4; lastKnownFileType = sourcecode.c.h; name = NMAFeedbackTableViewCell.h; path = Views/NMAFeedbackTableViewCell.h; sourceTree = "<group>"; };
		612CDE4B1B4EB8EB00FDCEF9 /* NMAFeedbackTableViewCell.m */ = {isa = PBXFileReference; fileEncoding = 4; lastKnownFileType = sourcecode.c.objc; name = NMAFeedbackTableViewCell.m; path = Views/NMAFeedbackTableViewCell.m; sourceTree = "<group>"; };
		612CDE4C1B4EB8EB00FDCEF9 /* NMAFeedbackTableViewCell.xib */ = {isa = PBXFileReference; fileEncoding = 4; lastKnownFileType = file.xib; name = NMAFeedbackTableViewCell.xib; path = Views/NMAFeedbackTableViewCell.xib; sourceTree = "<group>"; };
		612D1F1B1B45BF8D004C7EBE /* NMANewsStory.h */ = {isa = PBXFileReference; fileEncoding = 4; lastKnownFileType = sourcecode.c.h; name = NMANewsStory.h; path = Models/NMANewsStory.h; sourceTree = "<group>"; };
		612D1F1C1B45BF8D004C7EBE /* NMANewsStory.m */ = {isa = PBXFileReference; fileEncoding = 4; lastKnownFileType = sourcecode.c.objc; name = NMANewsStory.m; path = Models/NMANewsStory.m; sourceTree = "<group>"; };
		614DB1301B4AD3AF003CAAA6 /* NMANewsStoryTableViewCell.h */ = {isa = PBXFileReference; fileEncoding = 4; lastKnownFileType = sourcecode.c.h; name = NMANewsStoryTableViewCell.h; path = Controllers/Home/NMANewsStoryTableViewCell.h; sourceTree = "<group>"; };
		614DB1311B4AD3AF003CAAA6 /* NMANewsStoryTableViewCell.m */ = {isa = PBXFileReference; fileEncoding = 4; lastKnownFileType = sourcecode.c.objc; name = NMANewsStoryTableViewCell.m; path = Controllers/Home/NMANewsStoryTableViewCell.m; sourceTree = "<group>"; };
		614DB1321B4AD3AF003CAAA6 /* NMANewsStoryTableViewCell.xib */ = {isa = PBXFileReference; fileEncoding = 4; lastKnownFileType = file.xib; name = NMANewsStoryTableViewCell.xib; path = Controllers/Home/NMANewsStoryTableViewCell.xib; sourceTree = "<group>"; };
		61550BBF1B3C4B1E00C1CDB3 /* NMAYearCollectionViewCell.h */ = {isa = PBXFileReference; fileEncoding = 4; lastKnownFileType = sourcecode.c.h; name = NMAYearCollectionViewCell.h; path = Controllers/Home/NMAYearCollectionViewCell.h; sourceTree = "<group>"; };
		61550BC01B3C4B1E00C1CDB3 /* NMAYearCollectionViewCell.m */ = {isa = PBXFileReference; fileEncoding = 4; lastKnownFileType = sourcecode.c.objc; name = NMAYearCollectionViewCell.m; path = Controllers/Home/NMAYearCollectionViewCell.m; sourceTree = "<group>"; };
		61550BC11B3C4B1E00C1CDB3 /* NMAYearCollectionViewCell.xib */ = {isa = PBXFileReference; fileEncoding = 4; lastKnownFileType = file.xib; name = NMAYearCollectionViewCell.xib; path = Controllers/Home/NMAYearCollectionViewCell.xib; sourceTree = "<group>"; };
		615911481B3C4B6B006B6779 /* NMAYearCollectionViewController.h */ = {isa = PBXFileReference; fileEncoding = 4; lastKnownFileType = sourcecode.c.h; name = NMAYearCollectionViewController.h; path = Controllers/Home/NMAYearCollectionViewController.h; sourceTree = "<group>"; };
		615911491B3C4B6B006B6779 /* NMAYearCollectionViewController.m */ = {isa = PBXFileReference; fileEncoding = 4; lastKnownFileType = sourcecode.c.objc; name = NMAYearCollectionViewController.m; path = Controllers/Home/NMAYearCollectionViewController.m; sourceTree = "<group>"; };
		6159114A1B3C4B6B006B6779 /* NMAYearCollectionViewController.xib */ = {isa = PBXFileReference; fileEncoding = 4; lastKnownFileType = file.xib; name = NMAYearCollectionViewController.xib; path = Controllers/Home/NMAYearCollectionViewController.xib; sourceTree = "<group>"; };
		6159114D1B3C89B3006B6779 /* NMAContentTableViewController.h */ = {isa = PBXFileReference; fileEncoding = 4; lastKnownFileType = sourcecode.c.h; name = NMAContentTableViewController.h; path = Controllers/Home/NMAContentTableViewController.h; sourceTree = "<group>"; };
		6159114E1B3C89B3006B6779 /* NMAContentTableViewController.m */ = {isa = PBXFileReference; fileEncoding = 4; lastKnownFileType = sourcecode.c.objc; name = NMAContentTableViewController.m; path = Controllers/Home/NMAContentTableViewController.m; sourceTree = "<group>"; };
		6159114F1B3C89B3006B6779 /* NMAContentTableViewController.xib */ = {isa = PBXFileReference; fileEncoding = 4; lastKnownFileType = file.xib; name = NMAContentTableViewController.xib; path = Controllers/Home/NMAContentTableViewController.xib; sourceTree = "<group>"; };
		615911541B3D83AA006B6779 /* NMAYearTableViewCell.h */ = {isa = PBXFileReference; fileEncoding = 4; lastKnownFileType = sourcecode.c.h; path = NMAYearTableViewCell.h; sourceTree = "<group>"; };
		615911551B3D83AA006B6779 /* NMAYearTableViewCell.m */ = {isa = PBXFileReference; fileEncoding = 4; lastKnownFileType = sourcecode.c.objc; path = NMAYearTableViewCell.m; sourceTree = "<group>"; };
		615911561B3D83AA006B6779 /* NMAYearTableViewCell.xib */ = {isa = PBXFileReference; fileEncoding = 4; lastKnownFileType = file.xib; path = NMAYearTableViewCell.xib; sourceTree = "<group>"; };
		9780E4F9B0D87DAFC65AC61C /* Pods.debug.xcconfig */ = {isa = PBXFileReference; includeInIndex = 1; lastKnownFileType = text.xcconfig; name = Pods.debug.xcconfig; path = "Pods/Target Support Files/Pods/Pods.debug.xcconfig"; sourceTree = "<group>"; };
		E508FB191B41C1B80040AEF9 /* NMAFBConnectViewController.h */ = {isa = PBXFileReference; fileEncoding = 4; lastKnownFileType = sourcecode.c.h; name = NMAFBConnectViewController.h; path = Controllers/Onboarding/NMAFBConnectViewController.h; sourceTree = "<group>"; };
		E508FB1A1B41C1B80040AEF9 /* NMAFBConnectViewController.m */ = {isa = PBXFileReference; fileEncoding = 4; lastKnownFileType = sourcecode.c.objc; name = NMAFBConnectViewController.m; path = Controllers/Onboarding/NMAFBConnectViewController.m; sourceTree = "<group>"; };
		E508FB1E1B41DDC90040AEF9 /* NMAOnboardingCompletionDelegate.h */ = {isa = PBXFileReference; fileEncoding = 4; lastKnownFileType = sourcecode.c.h; name = NMAOnboardingCompletionDelegate.h; path = Controllers/Onboarding/NMAOnboardingCompletionDelegate.h; sourceTree = "<group>"; };
		E50E347C1B43068100F10A5A /* NMADatabaseManager.h */ = {isa = PBXFileReference; fileEncoding = 4; lastKnownFileType = sourcecode.c.h; name = NMADatabaseManager.h; path = Models/NMADatabaseManager.h; sourceTree = "<group>"; };
		E50E347D1B43068100F10A5A /* NMADatabaseManager.m */ = {isa = PBXFileReference; fileEncoding = 4; lastKnownFileType = sourcecode.c.objc; name = NMADatabaseManager.m; path = Models/NMADatabaseManager.m; sourceTree = "<group>"; };
		E50E347F1B431D1000F10A5A /* libsqlite3.dylib */ = {isa = PBXFileReference; lastKnownFileType = "compiled.mach-o.dylib"; name = libsqlite3.dylib; path = usr/lib/libsqlite3.dylib; sourceTree = SDKROOT; };
		E50E34851B43331900F10A5A /* tracks.db */ = {isa = PBXFileReference; lastKnownFileType = file; path = tracks.db; sourceTree = "<group>"; };
		E50E34881B44461E00F10A5A /* NMASong.h */ = {isa = PBXFileReference; fileEncoding = 4; lastKnownFileType = sourcecode.c.h; name = NMASong.h; path = Models/NMASong.h; sourceTree = "<group>"; };
		E50E34891B44461E00F10A5A /* NMASong.m */ = {isa = PBXFileReference; fileEncoding = 4; lastKnownFileType = sourcecode.c.objc; name = NMASong.m; path = Models/NMASong.m; sourceTree = "<group>"; };
		E50E348B1B44584E00F10A5A /* NMARequestManager.h */ = {isa = PBXFileReference; fileEncoding = 4; lastKnownFileType = sourcecode.c.h; name = NMARequestManager.h; path = Networking/NMARequestManager.h; sourceTree = "<group>"; };
		E50E348C1B44584E00F10A5A /* NMARequestManager.m */ = {isa = PBXFileReference; fileEncoding = 4; lastKnownFileType = sourcecode.c.objc; name = NMARequestManager.m; path = Networking/NMARequestManager.m; sourceTree = "<group>"; };
		E5141B611B4899D3002BC232 /* NMATodaysSongTableViewCell.h */ = {isa = PBXFileReference; fileEncoding = 4; lastKnownFileType = sourcecode.c.h; name = NMATodaysSongTableViewCell.h; path = Views/NMATodaysSongTableViewCell.h; sourceTree = "<group>"; };
		E5141B621B4899D3002BC232 /* NMATodaysSongTableViewCell.m */ = {isa = PBXFileReference; fileEncoding = 4; lastKnownFileType = sourcecode.c.objc; name = NMATodaysSongTableViewCell.m; path = Views/NMATodaysSongTableViewCell.m; sourceTree = "<group>"; };
		E5141B631B4899D3002BC232 /* NMATodaysSongTableViewCell.xib */ = {isa = PBXFileReference; fileEncoding = 4; lastKnownFileType = file.xib; name = NMATodaysSongTableViewCell.xib; path = Views/NMATodaysSongTableViewCell.xib; sourceTree = "<group>"; };
		E515FDCD1B4D7CB3000E47E3 /* AVFoundation.framework */ = {isa = PBXFileReference; lastKnownFileType = wrapper.framework; name = AVFoundation.framework; path = System/Library/Frameworks/AVFoundation.framework; sourceTree = SDKROOT; };
		E515FDD11B4DAD13000E47E3 /* ProximaNova-Light.otf */ = {isa = PBXFileReference; lastKnownFileType = file; path = "ProximaNova-Light.otf"; sourceTree = "<group>"; };
		E515FDD21B4DAD13000E47E3 /* ProximaNova-Regular.otf */ = {isa = PBXFileReference; lastKnownFileType = file; path = "ProximaNova-Regular.otf"; sourceTree = "<group>"; };
		E515FDD31B4DAD13000E47E3 /* ProximaNova-Semibold.otf */ = {isa = PBXFileReference; lastKnownFileType = file; path = "ProximaNova-Semibold.otf"; sourceTree = "<group>"; };
		E515FDDB1B4DB126000E47E3 /* UIFont+NMAFonts.h */ = {isa = PBXFileReference; fileEncoding = 4; lastKnownFileType = sourcecode.c.h; name = "UIFont+NMAFonts.h"; path = "Proxima Nova/UIFont+NMAFonts.h"; sourceTree = "<group>"; };
		E515FDDC1B4DB126000E47E3 /* UIFont+NMAFonts.m */ = {isa = PBXFileReference; fileEncoding = 4; lastKnownFileType = sourcecode.c.objc; name = "UIFont+NMAFonts.m"; path = "Proxima Nova/UIFont+NMAFonts.m"; sourceTree = "<group>"; };
		E515FDDE1B4DB7B0000E47E3 /* UIColor+NMAColors.h */ = {isa = PBXFileReference; fileEncoding = 4; lastKnownFileType = sourcecode.c.h; name = "UIColor+NMAColors.h"; path = "Colors/UIColor+NMAColors.h"; sourceTree = "<group>"; };
		E515FDDF1B4DB7B0000E47E3 /* UIColor+NMAColors.m */ = {isa = PBXFileReference; fileEncoding = 4; lastKnownFileType = sourcecode.c.objc; name = "UIColor+NMAColors.m"; path = "Colors/UIColor+NMAColors.m"; sourceTree = "<group>"; };
		E515FDE51B4F0C9F000E47E3 /* NMAPlaybackManager.h */ = {isa = PBXFileReference; fileEncoding = 4; lastKnownFileType = sourcecode.c.h; name = NMAPlaybackManager.h; path = Models/NMAPlaybackManager.h; sourceTree = "<group>"; };
		E515FDE61B4F0C9F000E47E3 /* NMAPlaybackManager.m */ = {isa = PBXFileReference; fileEncoding = 4; lastKnownFileType = sourcecode.c.objc; name = NMAPlaybackManager.m; path = Models/NMAPlaybackManager.m; sourceTree = "<group>"; };
		E515FDE81B4F436C000E47E3 /* NMAFBConnectViewController.xib */ = {isa = PBXFileReference; fileEncoding = 4; lastKnownFileType = file.xib; path = NMAFBConnectViewController.xib; sourceTree = "<group>"; };
/* End PBXFileReference section */

/* Begin PBXFrameworksBuildPhase section */
		072DE7971B39739B000A1162 /* Frameworks */ = {
			isa = PBXFrameworksBuildPhase;
			buildActionMask = 2147483647;
			files = (
				E515FDCE1B4D7CB3000E47E3 /* AVFoundation.framework in Frameworks */,
				E50E34801B431D1000F10A5A /* libsqlite3.dylib in Frameworks */,
				7298F60D732AB73E39D96C00 /* libPods.a in Frameworks */,
			);
			runOnlyForDeploymentPostprocessing = 0;
		};
		072DE7B01B39739B000A1162 /* Frameworks */ = {
			isa = PBXFrameworksBuildPhase;
			buildActionMask = 2147483647;
			files = (
			);
			runOnlyForDeploymentPostprocessing = 0;
		};
/* End PBXFrameworksBuildPhase section */

/* Begin PBXGroup section */
		072A085D1B3975C00068EEF0 /* Models */ = {
			isa = PBXGroup;
			children = (
				07ED931F1B54863E004879C0 /* FBActivity */,
				07ECCBF71B3A0F760089D042 /* NMAAppSettings.h */,
				07ECCBF81B3A0F760089D042 /* NMAAppSettings.m */,
				E50E34881B44461E00F10A5A /* NMASong.h */,
				E50E34891B44461E00F10A5A /* NMASong.m */,
				612D1F1B1B45BF8D004C7EBE /* NMANewsStory.h */,
				612D1F1C1B45BF8D004C7EBE /* NMANewsStory.m */,
				07ECCBFA1B4AEEB70089D042 /* NMAFBActivity.h */,
				07ECCBFB1B4AEEB70089D042 /* NMAFBActivity.m */,
				07ECCBFD1B4B12830089D042 /* NMADay.h */,
				07ECCBFE1B4B12830089D042 /* NMADay.m */,
				E50E347C1B43068100F10A5A /* NMADatabaseManager.h */,
				E50E347D1B43068100F10A5A /* NMADatabaseManager.m */,
				E515FDE51B4F0C9F000E47E3 /* NMAPlaybackManager.h */,
				E515FDE61B4F0C9F000E47E3 /* NMAPlaybackManager.m */,
			);
			name = Models;
			sourceTree = "<group>";
		};
		072A085E1B3975C70068EEF0 /* Views */ = {
			isa = PBXGroup;
			children = (
				07ED93261B54A5F4004879C0 /* NMASectionHeader.h */,
				07ED93271B54A5F4004879C0 /* NMASectionHeader.m */,
				07ED93281B54A5F4004879C0 /* NMASectionHeader.xib */,
				612CDE4A1B4EB8EB00FDCEF9 /* NMAFeedbackTableViewCell.h */,
				612CDE4B1B4EB8EB00FDCEF9 /* NMAFeedbackTableViewCell.m */,
				612CDE4C1B4EB8EB00FDCEF9 /* NMAFeedbackTableViewCell.xib */,
				612CDE401B4EA5E100FDCEF9 /* NMASettingsSwitchCell.h */,
				612CDE411B4EA5E100FDCEF9 /* NMASettingsSwitchCell.m */,
				612CDE421B4EA5E100FDCEF9 /* NMASettingsSwitchCell.xib */,
				E5141B611B4899D3002BC232 /* NMATodaysSongTableViewCell.h */,
				E5141B621B4899D3002BC232 /* NMATodaysSongTableViewCell.m */,
				E5141B631B4899D3002BC232 /* NMATodaysSongTableViewCell.xib */,
				07ECCC021B4C08920089D042 /* FBActivity */,
				E515FDE41B4EE621000E47E3 /* NMATodaysSongTableViewCellDelegate.h */,
				615911591B3D850A006B6779 /* Home */,
			);
			name = Views;
			sourceTree = "<group>";
		};
		072A085F1B3975CE0068EEF0 /* Controllers */ = {
			isa = PBXGroup;
			children = (
				07ECCBF11B3A0A7C0089D042 /* Settings */,
				07ECCBEB1B39F4DC0089D042 /* Onboarding */,
				072A08621B3976320068EEF0 /* Home */,
			);
			name = Controllers;
			sourceTree = "<group>";
		};
		072A08601B3975D40068EEF0 /* Categories */ = {
			isa = PBXGroup;
			children = (
				E515FDDA1B4DAD41000E47E3 /* Colors */,
				E515FDCF1B4DAD13000E47E3 /* Fonts */,
			);
			name = Categories;
			sourceTree = "<group>";
		};
		072A08611B3975DD0068EEF0 /* Networking */ = {
			isa = PBXGroup;
			children = (
				E50E348B1B44584E00F10A5A /* NMARequestManager.h */,
				E50E348C1B44584E00F10A5A /* NMARequestManager.m */,
			);
			name = Networking;
			sourceTree = "<group>";
		};
		072A08621B3976320068EEF0 /* Home */ = {
			isa = PBXGroup;
			children = (
				072A08631B3976660068EEF0 /* NMAHomeViewController.h */,
				072A08641B3976660068EEF0 /* NMAHomeViewController.m */,
				072A08651B3976660068EEF0 /* NMAHomeViewController.xib */,
				615911481B3C4B6B006B6779 /* NMAYearCollectionViewController.h */,
				615911491B3C4B6B006B6779 /* NMAYearCollectionViewController.m */,
				6159114A1B3C4B6B006B6779 /* NMAYearCollectionViewController.xib */,
				611F6A491B41D9CA00091809 /* NMAYearActivityScrollViewController.h */,
				611F6A4A1B41D9CA00091809 /* NMAYearActivityScrollViewController.m */,
				611F6A4C1B42E18500091809 /* NMAYearActivityScrollDelegate.h */,
				6159114D1B3C89B3006B6779 /* NMAContentTableViewController.h */,
				6159114E1B3C89B3006B6779 /* NMAContentTableViewController.m */,
				6159114F1B3C89B3006B6779 /* NMAContentTableViewController.xib */,
			);
			name = Home;
			sourceTree = "<group>";
		};
		072DE7911B39739B000A1162 = {
			isa = PBXGroup;
			children = (
				072DE79C1B39739B000A1162 /* NostalgiaMusic */,
				072DE7B61B39739B000A1162 /* NostalgiaMusicTests */,
				072DE79B1B39739B000A1162 /* Products */,
				DBEC046852F7EF6C8E164F10 /* Pods */,
				401998C391C3064AD667AEC4 /* Frameworks */,
			);
			sourceTree = "<group>";
		};
		072DE79B1B39739B000A1162 /* Products */ = {
			isa = PBXGroup;
			children = (
				072DE79A1B39739B000A1162 /* NostalgiaMusic.app */,
				072DE7B31B39739B000A1162 /* NostalgiaMusicTests.xctest */,
			);
			name = Products;
			sourceTree = "<group>";
		};
		072DE79C1B39739B000A1162 /* NostalgiaMusic */ = {
			isa = PBXGroup;
			children = (
				E50E34851B43331900F10A5A /* tracks.db */,
				072A08601B3975D40068EEF0 /* Categories */,
				072A085F1B3975CE0068EEF0 /* Controllers */,
				072A085D1B3975C00068EEF0 /* Models */,
				072A08611B3975DD0068EEF0 /* Networking */,
				072A085E1B3975C70068EEF0 /* Views */,
				072DE7A11B39739B000A1162 /* AppDelegate.h */,
				072DE7A21B39739B000A1162 /* AppDelegate.m */,
				072DE7AA1B39739B000A1162 /* Images.xcassets */,
				072DE7AC1B39739B000A1162 /* LaunchScreen.xib */,
				072DE79D1B39739B000A1162 /* Supporting Files */,
			);
			path = NostalgiaMusic;
			sourceTree = "<group>";
		};
		072DE79D1B39739B000A1162 /* Supporting Files */ = {
			isa = PBXGroup;
			children = (
				072DE79E1B39739B000A1162 /* Info.plist */,
				072DE79F1B39739B000A1162 /* main.m */,
			);
			name = "Supporting Files";
			sourceTree = "<group>";
		};
		072DE7B61B39739B000A1162 /* NostalgiaMusicTests */ = {
			isa = PBXGroup;
			children = (
				072DE7B91B39739B000A1162 /* NostalgiaMusicTests.m */,
				072DE7B71B39739B000A1162 /* Supporting Files */,
			);
			path = NostalgiaMusicTests;
			sourceTree = "<group>";
		};
		072DE7B71B39739B000A1162 /* Supporting Files */ = {
			isa = PBXGroup;
			children = (
				072DE7B81B39739B000A1162 /* Info.plist */,
			);
			name = "Supporting Files";
			sourceTree = "<group>";
		};
		07ECCBEB1B39F4DC0089D042 /* Onboarding */ = {
			isa = PBXGroup;
			children = (
				E508FB191B41C1B80040AEF9 /* NMAFBConnectViewController.h */,
				E508FB1A1B41C1B80040AEF9 /* NMAFBConnectViewController.m */,
				E515FDE81B4F436C000E47E3 /* NMAFBConnectViewController.xib */,
				E508FB1E1B41DDC90040AEF9 /* NMAOnboardingCompletionDelegate.h */,
			);
			name = Onboarding;
			sourceTree = "<group>";
		};
		07ECCBF11B3A0A7C0089D042 /* Settings */ = {
			isa = PBXGroup;
			children = (
				07ECCBF21B3A0B730089D042 /* NMASettingsViewController.h */,
				07ECCBF31B3A0B730089D042 /* NMASettingsViewController.m */,
				07ECCBF41B3A0B730089D042 /* NMASettingsViewController.xib */,
			);
			name = Settings;
			sourceTree = "<group>";
		};
		07ECCC021B4C08920089D042 /* FBActivity */ = {
			isa = PBXGroup;
			children = (
				07ECCC031B4C08E30089D042 /* NMAFBActivityTableViewCell.h */,
				07ECCC041B4C08E30089D042 /* NMAFBActivityTableViewCell.m */,
				07ECCC051B4C08E30089D042 /* NMAFBActivityTableViewCell.xib */,
				07CD48061B4DCF80005B8805 /* NMANoFBActivityTableViewCell.h */,
				07CD48071B4DCF80005B8805 /* NMANoFBActivityTableViewCell.m */,
				07CD48081B4DCF80005B8805 /* NMANoFBActivityTableViewCell.xib */,
			);
			name = FBActivity;
			sourceTree = "<group>";
		};
		07ED931F1B54863E004879C0 /* FBActivity */ = {
			isa = PBXGroup;
			children = (
				07ED93201B54867C004879C0 /* NMAFBLike.h */,
				07ED93211B54867C004879C0 /* NMAFBLike.m */,
				07ED93231B548828004879C0 /* NMAFBComment.h */,
				07ED93241B548828004879C0 /* NMAFBComment.m */,
			);
			name = FBActivity;
			sourceTree = "<group>";
		};
		401998C391C3064AD667AEC4 /* Frameworks */ = {
			isa = PBXGroup;
			children = (
				E515FDCD1B4D7CB3000E47E3 /* AVFoundation.framework */,
				E50E347F1B431D1000F10A5A /* libsqlite3.dylib */,
				486067421913674E7836A8E0 /* libPods.a */,
			);
			name = Frameworks;
			sourceTree = "<group>";
		};
		615911591B3D850A006B6779 /* Home */ = {
			isa = PBXGroup;
			children = (
				614DB1301B4AD3AF003CAAA6 /* NMANewsStoryTableViewCell.h */,
				614DB1311B4AD3AF003CAAA6 /* NMANewsStoryTableViewCell.m */,
				614DB1321B4AD3AF003CAAA6 /* NMANewsStoryTableViewCell.xib */,
				61550BBF1B3C4B1E00C1CDB3 /* NMAYearCollectionViewCell.h */,
				61550BC01B3C4B1E00C1CDB3 /* NMAYearCollectionViewCell.m */,
				61550BC11B3C4B1E00C1CDB3 /* NMAYearCollectionViewCell.xib */,
				615911541B3D83AA006B6779 /* NMAYearTableViewCell.h */,
				615911551B3D83AA006B6779 /* NMAYearTableViewCell.m */,
				615911561B3D83AA006B6779 /* NMAYearTableViewCell.xib */,
			);
			name = Home;
			sourceTree = "<group>";
		};
		DBEC046852F7EF6C8E164F10 /* Pods */ = {
			isa = PBXGroup;
			children = (
				9780E4F9B0D87DAFC65AC61C /* Pods.debug.xcconfig */,
				34F0AB6AF7E7AA5B13779A62 /* Pods.release.xcconfig */,
			);
			name = Pods;
			sourceTree = "<group>";
		};
		E515FDCF1B4DAD13000E47E3 /* Fonts */ = {
			isa = PBXGroup;
			children = (
				E515FDD01B4DAD13000E47E3 /* Proxima Nova */,
				E515FDDB1B4DB126000E47E3 /* UIFont+NMAFonts.h */,
				E515FDDC1B4DB126000E47E3 /* UIFont+NMAFonts.m */,
			);
			path = Fonts;
			sourceTree = "<group>";
		};
		E515FDD01B4DAD13000E47E3 /* Proxima Nova */ = {
			isa = PBXGroup;
			children = (
				E515FDD11B4DAD13000E47E3 /* ProximaNova-Light.otf */,
				E515FDD21B4DAD13000E47E3 /* ProximaNova-Regular.otf */,
				E515FDD31B4DAD13000E47E3 /* ProximaNova-Semibold.otf */,
			);
			path = "Proxima Nova";
			sourceTree = "<group>";
		};
		E515FDDA1B4DAD41000E47E3 /* Colors */ = {
			isa = PBXGroup;
			children = (
				E515FDDE1B4DB7B0000E47E3 /* UIColor+NMAColors.h */,
				E515FDDF1B4DB7B0000E47E3 /* UIColor+NMAColors.m */,
			);
			name = Colors;
			sourceTree = "<group>";
		};
/* End PBXGroup section */

/* Begin PBXNativeTarget section */
		072DE7991B39739B000A1162 /* NostalgiaMusic */ = {
			isa = PBXNativeTarget;
			buildConfigurationList = 072DE7BD1B39739B000A1162 /* Build configuration list for PBXNativeTarget "NostalgiaMusic" */;
			buildPhases = (
				402DF7ABF2B092E974E928E8 /* Check Pods Manifest.lock */,
				072DE7961B39739B000A1162 /* Sources */,
				072DE7971B39739B000A1162 /* Frameworks */,
				072DE7981B39739B000A1162 /* Resources */,
				2784C7B3A3B1A63AB8E5E39E /* Copy Pods Resources */,
			);
			buildRules = (
			);
			dependencies = (
			);
			name = NostalgiaMusic;
			productName = NostalgiaMusic;
			productReference = 072DE79A1B39739B000A1162 /* NostalgiaMusic.app */;
			productType = "com.apple.product-type.application";
		};
		072DE7B21B39739B000A1162 /* NostalgiaMusicTests */ = {
			isa = PBXNativeTarget;
			buildConfigurationList = 072DE7C01B39739B000A1162 /* Build configuration list for PBXNativeTarget "NostalgiaMusicTests" */;
			buildPhases = (
				072DE7AF1B39739B000A1162 /* Sources */,
				072DE7B01B39739B000A1162 /* Frameworks */,
				072DE7B11B39739B000A1162 /* Resources */,
			);
			buildRules = (
			);
			dependencies = (
				072DE7B51B39739B000A1162 /* PBXTargetDependency */,
			);
			name = NostalgiaMusicTests;
			productName = NostalgiaMusicTests;
			productReference = 072DE7B31B39739B000A1162 /* NostalgiaMusicTests.xctest */;
			productType = "com.apple.product-type.bundle.unit-test";
		};
/* End PBXNativeTarget section */

/* Begin PBXProject section */
		072DE7921B39739B000A1162 /* Project object */ = {
			isa = PBXProject;
			attributes = {
				LastUpgradeCheck = 0630;
				ORGANIZATIONNAME = "Intrepid Pursuits";
				TargetAttributes = {
					072DE7991B39739B000A1162 = {
						CreatedOnToolsVersion = 6.3;
					};
					072DE7B21B39739B000A1162 = {
						CreatedOnToolsVersion = 6.3;
						TestTargetID = 072DE7991B39739B000A1162;
					};
				};
			};
			buildConfigurationList = 072DE7951B39739B000A1162 /* Build configuration list for PBXProject "NostalgiaMusic" */;
			compatibilityVersion = "Xcode 3.2";
			developmentRegion = English;
			hasScannedForEncodings = 0;
			knownRegions = (
				en,
				Base,
			);
			mainGroup = 072DE7911B39739B000A1162;
			productRefGroup = 072DE79B1B39739B000A1162 /* Products */;
			projectDirPath = "";
			projectRoot = "";
			targets = (
				072DE7991B39739B000A1162 /* NostalgiaMusic */,
				072DE7B21B39739B000A1162 /* NostalgiaMusicTests */,
			);
		};
/* End PBXProject section */

/* Begin PBXResourcesBuildPhase section */
		072DE7981B39739B000A1162 /* Resources */ = {
			isa = PBXResourcesBuildPhase;
			buildActionMask = 2147483647;
			files = (
				07CD480A1B4DCF80005B8805 /* NMANoFBActivityTableViewCell.xib in Resources */,
				E50E34861B43331900F10A5A /* tracks.db in Resources */,
				E515FDD71B4DAD13000E47E3 /* ProximaNova-Regular.otf in Resources */,
				E50E34841B4332D700F10A5A /* NMAContentTableViewController.xib in Resources */,
				61550BC31B3C4B1E00C1CDB3 /* NMAYearCollectionViewCell.xib in Resources */,
				612CDE4E1B4EB8EB00FDCEF9 /* NMAFeedbackTableViewCell.xib in Resources */,
				612CDE441B4EA5E100FDCEF9 /* NMASettingsSwitchCell.xib in Resources */,
				E515FDD61B4DAD13000E47E3 /* ProximaNova-Light.otf in Resources */,
				072DE7AE1B39739B000A1162 /* LaunchScreen.xib in Resources */,
				6159114C1B3C4B6B006B6779 /* NMAYearCollectionViewController.xib in Resources */,
				E515FDD81B4DAD13000E47E3 /* ProximaNova-Semibold.otf in Resources */,
				072DE7AB1B39739B000A1162 /* Images.xcassets in Resources */,
				E515FDE91B4F436C000E47E3 /* NMAFBConnectViewController.xib in Resources */,
				E5141B651B4899D3002BC232 /* NMATodaysSongTableViewCell.xib in Resources */,
				07ED932A1B54A5F4004879C0 /* NMASectionHeader.xib in Resources */,
				07ECCC071B4C08E30089D042 /* NMAFBActivityTableViewCell.xib in Resources */,
				615911581B3D83AA006B6779 /* NMAYearTableViewCell.xib in Resources */,
				072A08671B3976660068EEF0 /* NMAHomeViewController.xib in Resources */,
				07ECCBF61B3A0B730089D042 /* NMASettingsViewController.xib in Resources */,
				614DB1341B4AD3AF003CAAA6 /* NMANewsStoryTableViewCell.xib in Resources */,
			);
			runOnlyForDeploymentPostprocessing = 0;
		};
		072DE7B11B39739B000A1162 /* Resources */ = {
			isa = PBXResourcesBuildPhase;
			buildActionMask = 2147483647;
			files = (
			);
			runOnlyForDeploymentPostprocessing = 0;
		};
/* End PBXResourcesBuildPhase section */

/* Begin PBXShellScriptBuildPhase section */
		2784C7B3A3B1A63AB8E5E39E /* Copy Pods Resources */ = {
			isa = PBXShellScriptBuildPhase;
			buildActionMask = 2147483647;
			files = (
			);
			inputPaths = (
			);
			name = "Copy Pods Resources";
			outputPaths = (
			);
			runOnlyForDeploymentPostprocessing = 0;
			shellPath = /bin/sh;
			shellScript = "\"${SRCROOT}/Pods/Target Support Files/Pods/Pods-resources.sh\"\n";
			showEnvVarsInLog = 0;
		};
		402DF7ABF2B092E974E928E8 /* Check Pods Manifest.lock */ = {
			isa = PBXShellScriptBuildPhase;
			buildActionMask = 2147483647;
			files = (
			);
			inputPaths = (
			);
			name = "Check Pods Manifest.lock";
			outputPaths = (
			);
			runOnlyForDeploymentPostprocessing = 0;
			shellPath = /bin/sh;
			shellScript = "diff \"${PODS_ROOT}/../Podfile.lock\" \"${PODS_ROOT}/Manifest.lock\" > /dev/null\nif [[ $? != 0 ]] ; then\n    cat << EOM\nerror: The sandbox is not in sync with the Podfile.lock. Run 'pod install' or update your CocoaPods installation.\nEOM\n    exit 1\nfi\n";
			showEnvVarsInLog = 0;
		};
/* End PBXShellScriptBuildPhase section */

/* Begin PBXSourcesBuildPhase section */
		072DE7961B39739B000A1162 /* Sources */ = {
			isa = PBXSourcesBuildPhase;
			buildActionMask = 2147483647;
			files = (
				072DE7A31B39739B000A1162 /* AppDelegate.m in Sources */,
				E50E347E1B43068100F10A5A /* NMADatabaseManager.m in Sources */,
				61550BC21B3C4B1E00C1CDB3 /* NMAYearCollectionViewCell.m in Sources */,
				614DB1331B4AD3AF003CAAA6 /* NMANewsStoryTableViewCell.m in Sources */,
				072A08661B3976660068EEF0 /* NMAHomeViewController.m in Sources */,
				612CDE431B4EA5E100FDCEF9 /* NMASettingsSwitchCell.m in Sources */,
				6159114B1B3C4B6B006B6779 /* NMAYearCollectionViewController.m in Sources */,
				07CD48091B4DCF80005B8805 /* NMANoFBActivityTableViewCell.m in Sources */,
				E515FDDD1B4DB126000E47E3 /* UIFont+NMAFonts.m in Sources */,
				615911501B3C89B3006B6779 /* NMAContentTableViewController.m in Sources */,
				612CDE4D1B4EB8EB00FDCEF9 /* NMAFeedbackTableViewCell.m in Sources */,
				E5141B641B4899D3002BC232 /* NMATodaysSongTableViewCell.m in Sources */,
				07ED93251B548828004879C0 /* NMAFBComment.m in Sources */,
				07ECCBF51B3A0B730089D042 /* NMASettingsViewController.m in Sources */,
				612D1F1D1B45BF8D004C7EBE /* NMANewsStory.m in Sources */,
				E50E348A1B44461E00F10A5A /* NMASong.m in Sources */,
				07ECCBFC1B4AEEB70089D042 /* NMAFBActivity.m in Sources */,
				072DE7A01B39739B000A1162 /* main.m in Sources */,
				07ECCC061B4C08E30089D042 /* NMAFBActivityTableViewCell.m in Sources */,
				E508FB1C1B41C1B80040AEF9 /* NMAFBConnectViewController.m in Sources */,
				E515FDE71B4F0C9F000E47E3 /* NMAPlaybackManager.m in Sources */,
				07ED93291B54A5F4004879C0 /* NMASectionHeader.m in Sources */,
				E50E348D1B44584E00F10A5A /* NMARequestManager.m in Sources */,
				E515FDE01B4DB7B0000E47E3 /* UIColor+NMAColors.m in Sources */,
				07ECCBF91B3A0F760089D042 /* NMAAppSettings.m in Sources */,
				07ECCBFF1B4B12830089D042 /* NMADay.m in Sources */,
				611F6A4B1B41D9CA00091809 /* NMAYearActivityScrollViewController.m in Sources */,
				615911571B3D83AA006B6779 /* NMAYearTableViewCell.m in Sources */,
				07ED93221B54867C004879C0 /* NMAFBLike.m in Sources */,
			);
			runOnlyForDeploymentPostprocessing = 0;
		};
		072DE7AF1B39739B000A1162 /* Sources */ = {
			isa = PBXSourcesBuildPhase;
			buildActionMask = 2147483647;
			files = (
				072DE7BA1B39739B000A1162 /* NostalgiaMusicTests.m in Sources */,
			);
			runOnlyForDeploymentPostprocessing = 0;
		};
/* End PBXSourcesBuildPhase section */

/* Begin PBXTargetDependency section */
		072DE7B51B39739B000A1162 /* PBXTargetDependency */ = {
			isa = PBXTargetDependency;
			target = 072DE7991B39739B000A1162 /* NostalgiaMusic */;
			targetProxy = 072DE7B41B39739B000A1162 /* PBXContainerItemProxy */;
		};
/* End PBXTargetDependency section */

/* Begin PBXVariantGroup section */
		072DE7AC1B39739B000A1162 /* LaunchScreen.xib */ = {
			isa = PBXVariantGroup;
			children = (
				072DE7AD1B39739B000A1162 /* Base */,
			);
			name = LaunchScreen.xib;
			sourceTree = "<group>";
		};
/* End PBXVariantGroup section */

/* Begin XCBuildConfiguration section */
		072DE7BB1B39739B000A1162 /* Debug */ = {
			isa = XCBuildConfiguration;
			buildSettings = {
				ALWAYS_SEARCH_USER_PATHS = NO;
				CLANG_CXX_LANGUAGE_STANDARD = "gnu++0x";
				CLANG_CXX_LIBRARY = "libc++";
				CLANG_ENABLE_MODULES = YES;
				CLANG_ENABLE_OBJC_ARC = YES;
				CLANG_WARN_BOOL_CONVERSION = YES;
				CLANG_WARN_CONSTANT_CONVERSION = YES;
				CLANG_WARN_DIRECT_OBJC_ISA_USAGE = YES_ERROR;
				CLANG_WARN_EMPTY_BODY = YES;
				CLANG_WARN_ENUM_CONVERSION = YES;
				CLANG_WARN_INT_CONVERSION = YES;
				CLANG_WARN_OBJC_ROOT_CLASS = YES_ERROR;
				CLANG_WARN_UNREACHABLE_CODE = YES;
				CLANG_WARN__DUPLICATE_METHOD_MATCH = YES;
				"CODE_SIGN_IDENTITY[sdk=iphoneos*]" = "iPhone Developer";
				COPY_PHASE_STRIP = NO;
				DEBUG_INFORMATION_FORMAT = "dwarf-with-dsym";
				ENABLE_STRICT_OBJC_MSGSEND = YES;
				GCC_C_LANGUAGE_STANDARD = gnu99;
				GCC_DYNAMIC_NO_PIC = NO;
				GCC_NO_COMMON_BLOCKS = YES;
				GCC_OPTIMIZATION_LEVEL = 0;
				GCC_PREPROCESSOR_DEFINITIONS = (
					"DEBUG=1",
					"$(inherited)",
				);
				GCC_SYMBOLS_PRIVATE_EXTERN = NO;
				GCC_WARN_64_TO_32_BIT_CONVERSION = YES;
				GCC_WARN_ABOUT_RETURN_TYPE = YES_ERROR;
				GCC_WARN_UNDECLARED_SELECTOR = YES;
				GCC_WARN_UNINITIALIZED_AUTOS = YES_AGGRESSIVE;
				GCC_WARN_UNUSED_FUNCTION = YES;
				GCC_WARN_UNUSED_VARIABLE = YES;
				IPHONEOS_DEPLOYMENT_TARGET = 8.3;
				MTL_ENABLE_DEBUG_INFO = YES;
				ONLY_ACTIVE_ARCH = YES;
				SDKROOT = iphoneos;
				TARGETED_DEVICE_FAMILY = "1,2";
			};
			name = Debug;
		};
		072DE7BC1B39739B000A1162 /* Release */ = {
			isa = XCBuildConfiguration;
			buildSettings = {
				ALWAYS_SEARCH_USER_PATHS = NO;
				CLANG_CXX_LANGUAGE_STANDARD = "gnu++0x";
				CLANG_CXX_LIBRARY = "libc++";
				CLANG_ENABLE_MODULES = YES;
				CLANG_ENABLE_OBJC_ARC = YES;
				CLANG_WARN_BOOL_CONVERSION = YES;
				CLANG_WARN_CONSTANT_CONVERSION = YES;
				CLANG_WARN_DIRECT_OBJC_ISA_USAGE = YES_ERROR;
				CLANG_WARN_EMPTY_BODY = YES;
				CLANG_WARN_ENUM_CONVERSION = YES;
				CLANG_WARN_INT_CONVERSION = YES;
				CLANG_WARN_OBJC_ROOT_CLASS = YES_ERROR;
				CLANG_WARN_UNREACHABLE_CODE = YES;
				CLANG_WARN__DUPLICATE_METHOD_MATCH = YES;
				"CODE_SIGN_IDENTITY[sdk=iphoneos*]" = "iPhone Developer";
				COPY_PHASE_STRIP = NO;
				DEBUG_INFORMATION_FORMAT = "dwarf-with-dsym";
				ENABLE_NS_ASSERTIONS = NO;
				ENABLE_STRICT_OBJC_MSGSEND = YES;
				GCC_C_LANGUAGE_STANDARD = gnu99;
				GCC_NO_COMMON_BLOCKS = YES;
				GCC_WARN_64_TO_32_BIT_CONVERSION = YES;
				GCC_WARN_ABOUT_RETURN_TYPE = YES_ERROR;
				GCC_WARN_UNDECLARED_SELECTOR = YES;
				GCC_WARN_UNINITIALIZED_AUTOS = YES_AGGRESSIVE;
				GCC_WARN_UNUSED_FUNCTION = YES;
				GCC_WARN_UNUSED_VARIABLE = YES;
				IPHONEOS_DEPLOYMENT_TARGET = 8.3;
				MTL_ENABLE_DEBUG_INFO = NO;
				SDKROOT = iphoneos;
				TARGETED_DEVICE_FAMILY = "1,2";
				VALIDATE_PRODUCT = YES;
			};
			name = Release;
		};
		072DE7BE1B39739B000A1162 /* Debug */ = {
			isa = XCBuildConfiguration;
			baseConfigurationReference = 9780E4F9B0D87DAFC65AC61C /* Pods.debug.xcconfig */;
			buildSettings = {
				ASSETCATALOG_COMPILER_APPICON_NAME = AppIcon;
				FRAMEWORK_SEARCH_PATHS = "$(inherited)";
				INFOPLIST_FILE = NostalgiaMusic/Info.plist;
				LD_RUNPATH_SEARCH_PATHS = "$(inherited) @executable_path/Frameworks";
				PRODUCT_NAME = "$(TARGET_NAME)";
			};
			name = Debug;
		};
		072DE7BF1B39739B000A1162 /* Release */ = {
			isa = XCBuildConfiguration;
			baseConfigurationReference = 34F0AB6AF7E7AA5B13779A62 /* Pods.release.xcconfig */;
			buildSettings = {
				ASSETCATALOG_COMPILER_APPICON_NAME = AppIcon;
				FRAMEWORK_SEARCH_PATHS = "$(inherited)";
				INFOPLIST_FILE = NostalgiaMusic/Info.plist;
				LD_RUNPATH_SEARCH_PATHS = "$(inherited) @executable_path/Frameworks";
				PRODUCT_NAME = "$(TARGET_NAME)";
			};
			name = Release;
		};
		072DE7C11B39739B000A1162 /* Debug */ = {
			isa = XCBuildConfiguration;
			buildSettings = {
				BUNDLE_LOADER = "$(TEST_HOST)";
				FRAMEWORK_SEARCH_PATHS = (
					"$(SDKROOT)/Developer/Library/Frameworks",
					"$(inherited)",
				);
				GCC_PREPROCESSOR_DEFINITIONS = (
					"DEBUG=1",
					"$(inherited)",
				);
				INFOPLIST_FILE = NostalgiaMusicTests/Info.plist;
				LD_RUNPATH_SEARCH_PATHS = "$(inherited) @executable_path/Frameworks @loader_path/Frameworks";
				PRODUCT_NAME = "$(TARGET_NAME)";
				TEST_HOST = "$(BUILT_PRODUCTS_DIR)/NostalgiaMusic.app/NostalgiaMusic";
			};
			name = Debug;
		};
		072DE7C21B39739B000A1162 /* Release */ = {
			isa = XCBuildConfiguration;
			buildSettings = {
				BUNDLE_LOADER = "$(TEST_HOST)";
				FRAMEWORK_SEARCH_PATHS = (
					"$(SDKROOT)/Developer/Library/Frameworks",
					"$(inherited)",
				);
				INFOPLIST_FILE = NostalgiaMusicTests/Info.plist;
				LD_RUNPATH_SEARCH_PATHS = "$(inherited) @executable_path/Frameworks @loader_path/Frameworks";
				PRODUCT_NAME = "$(TARGET_NAME)";
				TEST_HOST = "$(BUILT_PRODUCTS_DIR)/NostalgiaMusic.app/NostalgiaMusic";
			};
			name = Release;
		};
/* End XCBuildConfiguration section */

/* Begin XCConfigurationList section */
		072DE7951B39739B000A1162 /* Build configuration list for PBXProject "NostalgiaMusic" */ = {
			isa = XCConfigurationList;
			buildConfigurations = (
				072DE7BB1B39739B000A1162 /* Debug */,
				072DE7BC1B39739B000A1162 /* Release */,
			);
			defaultConfigurationIsVisible = 0;
			defaultConfigurationName = Release;
		};
		072DE7BD1B39739B000A1162 /* Build configuration list for PBXNativeTarget "NostalgiaMusic" */ = {
			isa = XCConfigurationList;
			buildConfigurations = (
				072DE7BE1B39739B000A1162 /* Debug */,
				072DE7BF1B39739B000A1162 /* Release */,
			);
			defaultConfigurationIsVisible = 0;
			defaultConfigurationName = Release;
		};
		072DE7C01B39739B000A1162 /* Build configuration list for PBXNativeTarget "NostalgiaMusicTests" */ = {
			isa = XCConfigurationList;
			buildConfigurations = (
				072DE7C11B39739B000A1162 /* Debug */,
				072DE7C21B39739B000A1162 /* Release */,
			);
			defaultConfigurationIsVisible = 0;
			defaultConfigurationName = Release;
		};
/* End XCConfigurationList section */
	};
	rootObject = 072DE7921B39739B000A1162 /* Project object */;
}
