// !$*UTF8*$!
{
	archiveVersion = 1;
	classes = {
	};
	objectVersion = 46;
	objects = {

/* Begin PBXBuildFile section */
		072A08661B3976660068EEF0 /* NMAHomeViewController.m in Sources */ = {isa = PBXBuildFile; fileRef = 072A08641B3976660068EEF0 /* NMAHomeViewController.m */; };
		072A08671B3976660068EEF0 /* NMAHomeViewController.xib in Resources */ = {isa = PBXBuildFile; fileRef = 072A08651B3976660068EEF0 /* NMAHomeViewController.xib */; };
		072DE7A01B39739B000A1162 /* main.m in Sources */ = {isa = PBXBuildFile; fileRef = 072DE79F1B39739B000A1162 /* main.m */; };
		072DE7A31B39739B000A1162 /* AppDelegate.m in Sources */ = {isa = PBXBuildFile; fileRef = 072DE7A21B39739B000A1162 /* AppDelegate.m */; };
		072DE7AB1B39739B000A1162 /* Images.xcassets in Resources */ = {isa = PBXBuildFile; fileRef = 072DE7AA1B39739B000A1162 /* Images.xcassets */; };
		072DE7AE1B39739B000A1162 /* LaunchScreen.xib in Resources */ = {isa = PBXBuildFile; fileRef = 072DE7AC1B39739B000A1162 /* LaunchScreen.xib */; };
		072DE7BA1B39739B000A1162 /* NostalgiaMusicTests.m in Sources */ = {isa = PBXBuildFile; fileRef = 072DE7B91B39739B000A1162 /* NostalgiaMusicTests.m */; };
		07ECCBF51B3A0B730089D042 /* NMASettingsViewController.m in Sources */ = {isa = PBXBuildFile; fileRef = 07ECCBF31B3A0B730089D042 /* NMASettingsViewController.m */; };
		07ECCBF61B3A0B730089D042 /* NMASettingsViewController.xib in Resources */ = {isa = PBXBuildFile; fileRef = 07ECCBF41B3A0B730089D042 /* NMASettingsViewController.xib */; };
		07ECCBF91B3A0F760089D042 /* NMAAppSettings.m in Sources */ = {isa = PBXBuildFile; fileRef = 07ECCBF81B3A0F760089D042 /* NMAAppSettings.m */; };
		7298F60D732AB73E39D96C00 /* libPods.a in Frameworks */ = {isa = PBXBuildFile; fileRef = 486067421913674E7836A8E0 /* libPods.a */; };
		611F6A4B1B41D9CA00091809 /* NMAYearActivityScrollViewController.m in Sources */ = {isa = PBXBuildFile; fileRef = 611F6A4A1B41D9CA00091809 /* NMAYearActivityScrollViewController.m */; };
		61550BC21B3C4B1E00C1CDB3 /* NMAYearCollectionViewCell.m in Sources */ = {isa = PBXBuildFile; fileRef = 61550BC01B3C4B1E00C1CDB3 /* NMAYearCollectionViewCell.m */; };
		61550BC31B3C4B1E00C1CDB3 /* NMAYearCollectionViewCell.xib in Resources */ = {isa = PBXBuildFile; fileRef = 61550BC11B3C4B1E00C1CDB3 /* NMAYearCollectionViewCell.xib */; };
		6159114B1B3C4B6B006B6779 /* NMAYearCollectionViewController.m in Sources */ = {isa = PBXBuildFile; fileRef = 615911491B3C4B6B006B6779 /* NMAYearCollectionViewController.m */; };
		6159114C1B3C4B6B006B6779 /* NMAYearCollectionViewController.xib in Resources */ = {isa = PBXBuildFile; fileRef = 6159114A1B3C4B6B006B6779 /* NMAYearCollectionViewController.xib */; };
		615911501B3C89B3006B6779 /* NMAContentTableViewController.m in Sources */ = {isa = PBXBuildFile; fileRef = 6159114E1B3C89B3006B6779 /* NMAContentTableViewController.m */; };
		615911511B3C89B3006B6779 /* NMAContentTableViewController.xib in Resources */ = {isa = PBXBuildFile; fileRef = 6159114F1B3C89B3006B6779 /* NMAContentTableViewController.xib */; };
		615911571B3D83AA006B6779 /* NMAYearTableViewCell.m in Sources */ = {isa = PBXBuildFile; fileRef = 615911551B3D83AA006B6779 /* NMAYearTableViewCell.m */; };
		615911581B3D83AA006B6779 /* NMAYearTableViewCell.xib in Resources */ = {isa = PBXBuildFile; fileRef = 615911561B3D83AA006B6779 /* NMAYearTableViewCell.xib */; };
		E508FB1C1B41C1B80040AEF9 /* NMAFBConnectViewController.m in Sources */ = {isa = PBXBuildFile; fileRef = E508FB1A1B41C1B80040AEF9 /* NMAFBConnectViewController.m */; };
		E508FB1D1B41C1B80040AEF9 /* NMAFBConnectViewController.xib in Resources */ = {isa = PBXBuildFile; fileRef = E508FB1B1B41C1B80040AEF9 /* NMAFBConnectViewController.xib */; };
/* End PBXBuildFile section */

/* Begin PBXContainerItemProxy section */
		072DE7B41B39739B000A1162 /* PBXContainerItemProxy */ = {
			isa = PBXContainerItemProxy;
			containerPortal = 072DE7921B39739B000A1162 /* Project object */;
			proxyType = 1;
			remoteGlobalIDString = 072DE7991B39739B000A1162;
			remoteInfo = NostalgiaMusic;
		};
/* End PBXContainerItemProxy section */

/* Begin PBXFileReference section */
		072A08631B3976660068EEF0 /* NMAHomeViewController.h */ = {isa = PBXFileReference; fileEncoding = 4; lastKnownFileType = sourcecode.c.h; name = NMAHomeViewController.h; path = Controllers/Home/NMAHomeViewController.h; sourceTree = "<group>"; };
		072A08641B3976660068EEF0 /* NMAHomeViewController.m */ = {isa = PBXFileReference; fileEncoding = 4; lastKnownFileType = sourcecode.c.objc; name = NMAHomeViewController.m; path = Controllers/Home/NMAHomeViewController.m; sourceTree = "<group>"; };
		072A08651B3976660068EEF0 /* NMAHomeViewController.xib */ = {isa = PBXFileReference; fileEncoding = 4; lastKnownFileType = file.xib; name = NMAHomeViewController.xib; path = Controllers/Home/NMAHomeViewController.xib; sourceTree = "<group>"; };
		072DE79A1B39739B000A1162 /* NostalgiaMusic.app */ = {isa = PBXFileReference; explicitFileType = wrapper.application; includeInIndex = 0; path = NostalgiaMusic.app; sourceTree = BUILT_PRODUCTS_DIR; };
		072DE79E1B39739B000A1162 /* Info.plist */ = {isa = PBXFileReference; lastKnownFileType = text.plist.xml; path = Info.plist; sourceTree = "<group>"; };
		072DE79F1B39739B000A1162 /* main.m */ = {isa = PBXFileReference; lastKnownFileType = sourcecode.c.objc; path = main.m; sourceTree = "<group>"; };
		072DE7A11B39739B000A1162 /* AppDelegate.h */ = {isa = PBXFileReference; lastKnownFileType = sourcecode.c.h; path = AppDelegate.h; sourceTree = "<group>"; };
		072DE7A21B39739B000A1162 /* AppDelegate.m */ = {isa = PBXFileReference; lastKnownFileType = sourcecode.c.objc; path = AppDelegate.m; sourceTree = "<group>"; };
		072DE7AA1B39739B000A1162 /* Images.xcassets */ = {isa = PBXFileReference; lastKnownFileType = folder.assetcatalog; path = Images.xcassets; sourceTree = "<group>"; };
		072DE7AD1B39739B000A1162 /* Base */ = {isa = PBXFileReference; lastKnownFileType = file.xib; name = Base; path = Base.lproj/LaunchScreen.xib; sourceTree = "<group>"; };
		072DE7B31B39739B000A1162 /* NostalgiaMusicTests.xctest */ = {isa = PBXFileReference; explicitFileType = wrapper.cfbundle; includeInIndex = 0; path = NostalgiaMusicTests.xctest; sourceTree = BUILT_PRODUCTS_DIR; };
		072DE7B81B39739B000A1162 /* Info.plist */ = {isa = PBXFileReference; lastKnownFileType = text.plist.xml; path = Info.plist; sourceTree = "<group>"; };
		072DE7B91B39739B000A1162 /* NostalgiaMusicTests.m */ = {isa = PBXFileReference; lastKnownFileType = sourcecode.c.objc; path = NostalgiaMusicTests.m; sourceTree = "<group>"; };
		07ECCBF21B3A0B730089D042 /* NMASettingsViewController.h */ = {isa = PBXFileReference; fileEncoding = 4; lastKnownFileType = sourcecode.c.h; name = NMASettingsViewController.h; path = Controllers/Settings/NMASettingsViewController.h; sourceTree = "<group>"; };
		07ECCBF31B3A0B730089D042 /* NMASettingsViewController.m */ = {isa = PBXFileReference; fileEncoding = 4; lastKnownFileType = sourcecode.c.objc; name = NMASettingsViewController.m; path = Controllers/Settings/NMASettingsViewController.m; sourceTree = "<group>"; };
		07ECCBF41B3A0B730089D042 /* NMASettingsViewController.xib */ = {isa = PBXFileReference; fileEncoding = 4; lastKnownFileType = file.xib; name = NMASettingsViewController.xib; path = Controllers/Settings/NMASettingsViewController.xib; sourceTree = "<group>"; };
		07ECCBF71B3A0F760089D042 /* NMAAppSettings.h */ = {isa = PBXFileReference; fileEncoding = 4; lastKnownFileType = sourcecode.c.h; name = NMAAppSettings.h; path = Models/NMAAppSettings.h; sourceTree = "<group>"; };
		07ECCBF81B3A0F760089D042 /* NMAAppSettings.m */ = {isa = PBXFileReference; fileEncoding = 4; lastKnownFileType = sourcecode.c.objc; name = NMAAppSettings.m; path = Models/NMAAppSettings.m; sourceTree = "<group>"; };
		34F0AB6AF7E7AA5B13779A62 /* Pods.release.xcconfig */ = {isa = PBXFileReference; includeInIndex = 1; lastKnownFileType = text.xcconfig; name = Pods.release.xcconfig; path = "Pods/Target Support Files/Pods/Pods.release.xcconfig"; sourceTree = "<group>"; };
		486067421913674E7836A8E0 /* libPods.a */ = {isa = PBXFileReference; explicitFileType = archive.ar; includeInIndex = 0; path = libPods.a; sourceTree = BUILT_PRODUCTS_DIR; };
		9780E4F9B0D87DAFC65AC61C /* Pods.debug.xcconfig */ = {isa = PBXFileReference; includeInIndex = 1; lastKnownFileType = text.xcconfig; name = Pods.debug.xcconfig; path = "Pods/Target Support Files/Pods/Pods.debug.xcconfig"; sourceTree = "<group>"; };
		611F6A491B41D9CA00091809 /* NMAYearActivityScrollViewController.h */ = {isa = PBXFileReference; fileEncoding = 4; lastKnownFileType = sourcecode.c.h; path = NMAYearActivityScrollViewController.h; sourceTree = "<group>"; };
		611F6A4A1B41D9CA00091809 /* NMAYearActivityScrollViewController.m */ = {isa = PBXFileReference; fileEncoding = 4; lastKnownFileType = sourcecode.c.objc; path = NMAYearActivityScrollViewController.m; sourceTree = "<group>"; };
		611F6A4C1B42E18500091809 /* NMAYearActivityScrollDelegate.h */ = {isa = PBXFileReference; lastKnownFileType = sourcecode.c.h; name = NMAYearActivityScrollDelegate.h; path = Controllers/Home/NMAYearActivityScrollDelegate.h; sourceTree = "<group>"; };
		61550BBF1B3C4B1E00C1CDB3 /* NMAYearCollectionViewCell.h */ = {isa = PBXFileReference; fileEncoding = 4; lastKnownFileType = sourcecode.c.h; name = NMAYearCollectionViewCell.h; path = Controllers/Home/NMAYearCollectionViewCell.h; sourceTree = "<group>"; };
		61550BC01B3C4B1E00C1CDB3 /* NMAYearCollectionViewCell.m */ = {isa = PBXFileReference; fileEncoding = 4; lastKnownFileType = sourcecode.c.objc; name = NMAYearCollectionViewCell.m; path = Controllers/Home/NMAYearCollectionViewCell.m; sourceTree = "<group>"; };
		61550BC11B3C4B1E00C1CDB3 /* NMAYearCollectionViewCell.xib */ = {isa = PBXFileReference; fileEncoding = 4; lastKnownFileType = file.xib; name = NMAYearCollectionViewCell.xib; path = Controllers/Home/NMAYearCollectionViewCell.xib; sourceTree = "<group>"; };
		615911481B3C4B6B006B6779 /* NMAYearCollectionViewController.h */ = {isa = PBXFileReference; fileEncoding = 4; lastKnownFileType = sourcecode.c.h; name = NMAYearCollectionViewController.h; path = Controllers/Home/NMAYearCollectionViewController.h; sourceTree = "<group>"; };
		615911491B3C4B6B006B6779 /* NMAYearCollectionViewController.m */ = {isa = PBXFileReference; fileEncoding = 4; lastKnownFileType = sourcecode.c.objc; name = NMAYearCollectionViewController.m; path = Controllers/Home/NMAYearCollectionViewController.m; sourceTree = "<group>"; };
		6159114A1B3C4B6B006B6779 /* NMAYearCollectionViewController.xib */ = {isa = PBXFileReference; fileEncoding = 4; lastKnownFileType = file.xib; name = NMAYearCollectionViewController.xib; path = Controllers/Home/NMAYearCollectionViewController.xib; sourceTree = "<group>"; };
		6159114D1B3C89B3006B6779 /* NMAContentTableViewController.h */ = {isa = PBXFileReference; fileEncoding = 4; lastKnownFileType = sourcecode.c.h; name = NMAContentTableViewController.h; path = Controllers/Home/NMAContentTableViewController.h; sourceTree = "<group>"; };
		6159114E1B3C89B3006B6779 /* NMAContentTableViewController.m */ = {isa = PBXFileReference; fileEncoding = 4; lastKnownFileType = sourcecode.c.objc; name = NMAContentTableViewController.m; path = Controllers/Home/NMAContentTableViewController.m; sourceTree = "<group>"; };
		6159114F1B3C89B3006B6779 /* NMAContentTableViewController.xib */ = {isa = PBXFileReference; fileEncoding = 4; lastKnownFileType = file.xib; name = NMAContentTableViewController.xib; path = Controllers/Home/NMAContentTableViewController.xib; sourceTree = "<group>"; };
		615911541B3D83AA006B6779 /* NMAYearTableViewCell.h */ = {isa = PBXFileReference; fileEncoding = 4; lastKnownFileType = sourcecode.c.h; path = NMAYearTableViewCell.h; sourceTree = "<group>"; };
		615911551B3D83AA006B6779 /* NMAYearTableViewCell.m */ = {isa = PBXFileReference; fileEncoding = 4; lastKnownFileType = sourcecode.c.objc; path = NMAYearTableViewCell.m; sourceTree = "<group>"; };
		615911561B3D83AA006B6779 /* NMAYearTableViewCell.xib */ = {isa = PBXFileReference; fileEncoding = 4; lastKnownFileType = file.xib; path = NMAYearTableViewCell.xib; sourceTree = "<group>"; };
		E508FB191B41C1B80040AEF9 /* NMAFBConnectViewController.h */ = {isa = PBXFileReference; fileEncoding = 4; lastKnownFileType = sourcecode.c.h; name = NMAFBConnectViewController.h; path = Controllers/Onboarding/NMAFBConnectViewController.h; sourceTree = "<group>"; };
		E508FB1A1B41C1B80040AEF9 /* NMAFBConnectViewController.m */ = {isa = PBXFileReference; fileEncoding = 4; lastKnownFileType = sourcecode.c.objc; name = NMAFBConnectViewController.m; path = Controllers/Onboarding/NMAFBConnectViewController.m; sourceTree = "<group>"; };
		E508FB1B1B41C1B80040AEF9 /* NMAFBConnectViewController.xib */ = {isa = PBXFileReference; fileEncoding = 4; lastKnownFileType = file.xib; name = NMAFBConnectViewController.xib; path = Controllers/Onboarding/NMAFBConnectViewController.xib; sourceTree = "<group>"; };
		E508FB1E1B41DDC90040AEF9 /* NMAOnboardingCompletionDelegate.h */ = {isa = PBXFileReference; fileEncoding = 4; lastKnownFileType = sourcecode.c.h; name = NMAOnboardingCompletionDelegate.h; path = Controllers/Onboarding/NMAOnboardingCompletionDelegate.h; sourceTree = "<group>"; };
/* End PBXFileReference section */

/* Begin PBXFrameworksBuildPhase section */
		072DE7971B39739B000A1162 /* Frameworks */ = {
			isa = PBXFrameworksBuildPhase;
			buildActionMask = 2147483647;
			files = (
				7298F60D732AB73E39D96C00 /* libPods.a in Frameworks */,
			);
			runOnlyForDeploymentPostprocessing = 0;
		};
		072DE7B01B39739B000A1162 /* Frameworks */ = {
			isa = PBXFrameworksBuildPhase;
			buildActionMask = 2147483647;
			files = (
			);
			runOnlyForDeploymentPostprocessing = 0;
		};
/* End PBXFrameworksBuildPhase section */

/* Begin PBXGroup section */
		072A085D1B3975C00068EEF0 /* Models */ = {
			isa = PBXGroup;
			children = (
				07ECCBF71B3A0F760089D042 /* NMAAppSettings.h */,
				07ECCBF81B3A0F760089D042 /* NMAAppSettings.m */,
			);
			name = Models;
			sourceTree = "<group>";
		};
		072A085E1B3975C70068EEF0 /* Views */ = {
			isa = PBXGroup;
			children = (
				615911591B3D850A006B6779 /* Home */,
			);
			name = Views;
			sourceTree = "<group>";
		};
		072A085F1B3975CE0068EEF0 /* Controllers */ = {
			isa = PBXGroup;
			children = (
				07ECCBF11B3A0A7C0089D042 /* Settings */,
				07ECCBEB1B39F4DC0089D042 /* Onboarding */,
				072A08621B3976320068EEF0 /* Home */,
			);
			name = Controllers;
			sourceTree = "<group>";
		};
		072A08601B3975D40068EEF0 /* Categories */ = {
			isa = PBXGroup;
			children = (
			);
			name = Categories;
			sourceTree = "<group>";
		};
		072A08611B3975DD0068EEF0 /* Networking */ = {
			isa = PBXGroup;
			children = (
			);
			name = Networking;
			sourceTree = "<group>";
		};
		072A08621B3976320068EEF0 /* Home */ = {
			isa = PBXGroup;
			children = (
				611F6A491B41D9CA00091809 /* NMAYearActivityScrollViewController.h */,
				611F6A4A1B41D9CA00091809 /* NMAYearActivityScrollViewController.m */,
				611F6A4C1B42E18500091809 /* NMAYearActivityScrollDelegate.h */,
				072A08631B3976660068EEF0 /* NMAHomeViewController.h */,
				072A08641B3976660068EEF0 /* NMAHomeViewController.m */,
				072A08651B3976660068EEF0 /* NMAHomeViewController.xib */,
				6159114D1B3C89B3006B6779 /* NMAContentTableViewController.h */,
				6159114E1B3C89B3006B6779 /* NMAContentTableViewController.m */,
				6159114F1B3C89B3006B6779 /* NMAContentTableViewController.xib */,
				615911481B3C4B6B006B6779 /* NMAYearCollectionViewController.h */,
				615911491B3C4B6B006B6779 /* NMAYearCollectionViewController.m */,
				6159114A1B3C4B6B006B6779 /* NMAYearCollectionViewController.xib */,
			);
			name = Home;
			sourceTree = "<group>";
		};
		072DE7911B39739B000A1162 = {
			isa = PBXGroup;
			children = (
				072DE79C1B39739B000A1162 /* NostalgiaMusic */,
				072DE7B61B39739B000A1162 /* NostalgiaMusicTests */,
				072DE79B1B39739B000A1162 /* Products */,
				DBEC046852F7EF6C8E164F10 /* Pods */,
				401998C391C3064AD667AEC4 /* Frameworks */,
			);
			sourceTree = "<group>";
		};
		072DE79B1B39739B000A1162 /* Products */ = {
			isa = PBXGroup;
			children = (
				072DE79A1B39739B000A1162 /* NostalgiaMusic.app */,
				072DE7B31B39739B000A1162 /* NostalgiaMusicTests.xctest */,
			);
			name = Products;
			sourceTree = "<group>";
		};
		072DE79C1B39739B000A1162 /* NostalgiaMusic */ = {
			isa = PBXGroup;
			children = (
				072A08601B3975D40068EEF0 /* Categories */,
				072A085F1B3975CE0068EEF0 /* Controllers */,
				072A085D1B3975C00068EEF0 /* Models */,
				072A08611B3975DD0068EEF0 /* Networking */,
				072A085E1B3975C70068EEF0 /* Views */,
				072DE7A11B39739B000A1162 /* AppDelegate.h */,
				072DE7A21B39739B000A1162 /* AppDelegate.m */,
				072DE7AA1B39739B000A1162 /* Images.xcassets */,
				072DE7AC1B39739B000A1162 /* LaunchScreen.xib */,
				072DE79D1B39739B000A1162 /* Supporting Files */,
			);
			path = NostalgiaMusic;
			sourceTree = "<group>";
		};
		072DE79D1B39739B000A1162 /* Supporting Files */ = {
			isa = PBXGroup;
			children = (
				072DE79E1B39739B000A1162 /* Info.plist */,
				072DE79F1B39739B000A1162 /* main.m */,
			);
			name = "Supporting Files";
			sourceTree = "<group>";
		};
		072DE7B61B39739B000A1162 /* NostalgiaMusicTests */ = {
			isa = PBXGroup;
			children = (
				072DE7B91B39739B000A1162 /* NostalgiaMusicTests.m */,
				072DE7B71B39739B000A1162 /* Supporting Files */,
			);
			path = NostalgiaMusicTests;
			sourceTree = "<group>";
		};
		072DE7B71B39739B000A1162 /* Supporting Files */ = {
			isa = PBXGroup;
			children = (
				072DE7B81B39739B000A1162 /* Info.plist */,
			);
			name = "Supporting Files";
			sourceTree = "<group>";
		};
		07ECCBEB1B39F4DC0089D042 /* Onboarding */ = {
			isa = PBXGroup;
			children = (
				E508FB191B41C1B80040AEF9 /* NMAFBConnectViewController.h */,
				E508FB1A1B41C1B80040AEF9 /* NMAFBConnectViewController.m */,
				E508FB1B1B41C1B80040AEF9 /* NMAFBConnectViewController.xib */,
				E508FB1E1B41DDC90040AEF9 /* NMAOnboardingCompletionDelegate.h */,
			);
			name = Onboarding;
			sourceTree = "<group>";
		};
		07ECCBF11B3A0A7C0089D042 /* Settings */ = {
			isa = PBXGroup;
			children = (
				07ECCBF21B3A0B730089D042 /* NMASettingsViewController.h */,
				07ECCBF31B3A0B730089D042 /* NMASettingsViewController.m */,
				07ECCBF41B3A0B730089D042 /* NMASettingsViewController.xib */,
			);
			name = Settings;
			sourceTree = "<group>";
		};
		401998C391C3064AD667AEC4 /* Frameworks */ = {
			isa = PBXGroup;
			children = (
				486067421913674E7836A8E0 /* libPods.a */,
			);
			name = Frameworks;
			sourceTree = "<group>";
		};
		615911591B3D850A006B6779 /* Home */ = {
			isa = PBXGroup;
			children = (
				61550BBF1B3C4B1E00C1CDB3 /* NMAYearCollectionViewCell.h */,
				61550BC01B3C4B1E00C1CDB3 /* NMAYearCollectionViewCell.m */,
				61550BC11B3C4B1E00C1CDB3 /* NMAYearCollectionViewCell.xib */,
				615911541B3D83AA006B6779 /* NMAYearTableViewCell.h */,
				615911551B3D83AA006B6779 /* NMAYearTableViewCell.m */,
				615911561B3D83AA006B6779 /* NMAYearTableViewCell.xib */,
			);
			name = Home;
			sourceTree = "<group>";
		};
		DBEC046852F7EF6C8E164F10 /* Pods */ = {
			isa = PBXGroup;
			children = (
				9780E4F9B0D87DAFC65AC61C /* Pods.debug.xcconfig */,
				34F0AB6AF7E7AA5B13779A62 /* Pods.release.xcconfig */,
			);
			name = Pods;
			sourceTree = "<group>";
		};
		E5F1F3741B3D863600E92D37 /* Frameworks */ = {
			isa = PBXGroup;
			children = (
			);
			name = Frameworks;
			sourceTree = "<group>";
		};
/* End PBXGroup section */

/* Begin PBXNativeTarget section */
		072DE7991B39739B000A1162 /* NostalgiaMusic */ = {
			isa = PBXNativeTarget;
			buildConfigurationList = 072DE7BD1B39739B000A1162 /* Build configuration list for PBXNativeTarget "NostalgiaMusic" */;
			buildPhases = (
				402DF7ABF2B092E974E928E8 /* Check Pods Manifest.lock */,
				072DE7961B39739B000A1162 /* Sources */,
				072DE7971B39739B000A1162 /* Frameworks */,
				072DE7981B39739B000A1162 /* Resources */,
				2784C7B3A3B1A63AB8E5E39E /* Copy Pods Resources */,
			);
			buildRules = (
			);
			dependencies = (
			);
			name = NostalgiaMusic;
			productName = NostalgiaMusic;
			productReference = 072DE79A1B39739B000A1162 /* NostalgiaMusic.app */;
			productType = "com.apple.product-type.application";
		};
		072DE7B21B39739B000A1162 /* NostalgiaMusicTests */ = {
			isa = PBXNativeTarget;
			buildConfigurationList = 072DE7C01B39739B000A1162 /* Build configuration list for PBXNativeTarget "NostalgiaMusicTests" */;
			buildPhases = (
				072DE7AF1B39739B000A1162 /* Sources */,
				072DE7B01B39739B000A1162 /* Frameworks */,
				072DE7B11B39739B000A1162 /* Resources */,
			);
			buildRules = (
			);
			dependencies = (
				072DE7B51B39739B000A1162 /* PBXTargetDependency */,
			);
			name = NostalgiaMusicTests;
			productName = NostalgiaMusicTests;
			productReference = 072DE7B31B39739B000A1162 /* NostalgiaMusicTests.xctest */;
			productType = "com.apple.product-type.bundle.unit-test";
		};
/* End PBXNativeTarget section */

/* Begin PBXProject section */
		072DE7921B39739B000A1162 /* Project object */ = {
			isa = PBXProject;
			attributes = {
				LastUpgradeCheck = 0630;
				ORGANIZATIONNAME = "Intrepid Pursuits";
				TargetAttributes = {
					072DE7991B39739B000A1162 = {
						CreatedOnToolsVersion = 6.3;
					};
					072DE7B21B39739B000A1162 = {
						CreatedOnToolsVersion = 6.3;
						TestTargetID = 072DE7991B39739B000A1162;
					};
				};
			};
			buildConfigurationList = 072DE7951B39739B000A1162 /* Build configuration list for PBXProject "NostalgiaMusic" */;
			compatibilityVersion = "Xcode 3.2";
			developmentRegion = English;
			hasScannedForEncodings = 0;
			knownRegions = (
				en,
				Base,
			);
			mainGroup = 072DE7911B39739B000A1162;
			productRefGroup = 072DE79B1B39739B000A1162 /* Products */;
			projectDirPath = "";
			projectRoot = "";
			targets = (
				072DE7991B39739B000A1162 /* NostalgiaMusic */,
				072DE7B21B39739B000A1162 /* NostalgiaMusicTests */,
			);
		};
/* End PBXProject section */

/* Begin PBXResourcesBuildPhase section */
		072DE7981B39739B000A1162 /* Resources */ = {
			isa = PBXResourcesBuildPhase;
			buildActionMask = 2147483647;
			files = (
				615911511B3C89B3006B6779 /* NMAContentTableViewController.xib in Resources */,
				61550BC31B3C4B1E00C1CDB3 /* NMAYearCollectionViewCell.xib in Resources */,
				072DE7AE1B39739B000A1162 /* LaunchScreen.xib in Resources */,
				6159114C1B3C4B6B006B6779 /* NMAYearCollectionViewController.xib in Resources */,
				072DE7AB1B39739B000A1162 /* Images.xcassets in Resources */,
				615911581B3D83AA006B6779 /* NMAYearTableViewCell.xib in Resources */,
				072A08671B3976660068EEF0 /* NMAHomeViewController.xib in Resources */,
				E508FB1D1B41C1B80040AEF9 /* NMAFBConnectViewController.xib in Resources */,
				07ECCBF61B3A0B730089D042 /* NMASettingsViewController.xib in Resources */,
			);
			runOnlyForDeploymentPostprocessing = 0;
		};
		072DE7B11B39739B000A1162 /* Resources */ = {
			isa = PBXResourcesBuildPhase;
			buildActionMask = 2147483647;
			files = (
			);
			runOnlyForDeploymentPostprocessing = 0;
		};
/* End PBXResourcesBuildPhase section */

/* Begin PBXShellScriptBuildPhase section */
		2784C7B3A3B1A63AB8E5E39E /* Copy Pods Resources */ = {
			isa = PBXShellScriptBuildPhase;
			buildActionMask = 2147483647;
			files = (
			);
			inputPaths = (
			);
			name = "Copy Pods Resources";
			outputPaths = (
			);
			runOnlyForDeploymentPostprocessing = 0;
			shellPath = /bin/sh;
			shellScript = "\"${SRCROOT}/Pods/Target Support Files/Pods/Pods-resources.sh\"\n";
			showEnvVarsInLog = 0;
		};
		402DF7ABF2B092E974E928E8 /* Check Pods Manifest.lock */ = {
			isa = PBXShellScriptBuildPhase;
			buildActionMask = 2147483647;
			files = (
			);
			inputPaths = (
			);
			name = "Check Pods Manifest.lock";
			outputPaths = (
			);
			runOnlyForDeploymentPostprocessing = 0;
			shellPath = /bin/sh;
			shellScript = "diff \"${PODS_ROOT}/../Podfile.lock\" \"${PODS_ROOT}/Manifest.lock\" > /dev/null\nif [[ $? != 0 ]] ; then\n    cat << EOM\nerror: The sandbox is not in sync with the Podfile.lock. Run 'pod install' or update your CocoaPods installation.\nEOM\n    exit 1\nfi\n";
			showEnvVarsInLog = 0;
		};
/* End PBXShellScriptBuildPhase section */

/* Begin PBXSourcesBuildPhase section */
		072DE7961B39739B000A1162 /* Sources */ = {
			isa = PBXSourcesBuildPhase;
			buildActionMask = 2147483647;
			files = (
				072DE7A31B39739B000A1162 /* AppDelegate.m in Sources */,
				61550BC21B3C4B1E00C1CDB3 /* NMAYearCollectionViewCell.m in Sources */,
				072A08661B3976660068EEF0 /* NMAHomeViewController.m in Sources */,
				6159114B1B3C4B6B006B6779 /* NMAYearCollectionViewController.m in Sources */,
				615911501B3C89B3006B6779 /* NMAContentTableViewController.m in Sources */,
				07ECCBF51B3A0B730089D042 /* NMASettingsViewController.m in Sources */,
				072DE7A01B39739B000A1162 /* main.m in Sources */,
				E508FB1C1B41C1B80040AEF9 /* NMAFBConnectViewController.m in Sources */,
				07ECCBF91B3A0F760089D042 /* NMAAppSettings.m in Sources */,
				611F6A4B1B41D9CA00091809 /* NMAYearActivityScrollViewController.m in Sources */,
				615911571B3D83AA006B6779 /* NMAYearTableViewCell.m in Sources */,
			);
			runOnlyForDeploymentPostprocessing = 0;
		};
		072DE7AF1B39739B000A1162 /* Sources */ = {
			isa = PBXSourcesBuildPhase;
			buildActionMask = 2147483647;
			files = (
				072DE7BA1B39739B000A1162 /* NostalgiaMusicTests.m in Sources */,
			);
			runOnlyForDeploymentPostprocessing = 0;
		};
/* End PBXSourcesBuildPhase section */

/* Begin PBXTargetDependency section */
		072DE7B51B39739B000A1162 /* PBXTargetDependency */ = {
			isa = PBXTargetDependency;
			target = 072DE7991B39739B000A1162 /* NostalgiaMusic */;
			targetProxy = 072DE7B41B39739B000A1162 /* PBXContainerItemProxy */;
		};
/* End PBXTargetDependency section */

/* Begin PBXVariantGroup section */
		072DE7AC1B39739B000A1162 /* LaunchScreen.xib */ = {
			isa = PBXVariantGroup;
			children = (
				072DE7AD1B39739B000A1162 /* Base */,
			);
			name = LaunchScreen.xib;
			sourceTree = "<group>";
		};
/* End PBXVariantGroup section */

/* Begin XCBuildConfiguration section */
		072DE7BB1B39739B000A1162 /* Debug */ = {
			isa = XCBuildConfiguration;
			buildSettings = {
				ALWAYS_SEARCH_USER_PATHS = NO;
				CLANG_CXX_LANGUAGE_STANDARD = "gnu++0x";
				CLANG_CXX_LIBRARY = "libc++";
				CLANG_ENABLE_MODULES = YES;
				CLANG_ENABLE_OBJC_ARC = YES;
				CLANG_WARN_BOOL_CONVERSION = YES;
				CLANG_WARN_CONSTANT_CONVERSION = YES;
				CLANG_WARN_DIRECT_OBJC_ISA_USAGE = YES_ERROR;
				CLANG_WARN_EMPTY_BODY = YES;
				CLANG_WARN_ENUM_CONVERSION = YES;
				CLANG_WARN_INT_CONVERSION = YES;
				CLANG_WARN_OBJC_ROOT_CLASS = YES_ERROR;
				CLANG_WARN_UNREACHABLE_CODE = YES;
				CLANG_WARN__DUPLICATE_METHOD_MATCH = YES;
				"CODE_SIGN_IDENTITY[sdk=iphoneos*]" = "iPhone Developer";
				COPY_PHASE_STRIP = NO;
				DEBUG_INFORMATION_FORMAT = "dwarf-with-dsym";
				ENABLE_STRICT_OBJC_MSGSEND = YES;
				GCC_C_LANGUAGE_STANDARD = gnu99;
				GCC_DYNAMIC_NO_PIC = NO;
				GCC_NO_COMMON_BLOCKS = YES;
				GCC_OPTIMIZATION_LEVEL = 0;
				GCC_PREPROCESSOR_DEFINITIONS = (
					"DEBUG=1",
					"$(inherited)",
				);
				GCC_SYMBOLS_PRIVATE_EXTERN = NO;
				GCC_WARN_64_TO_32_BIT_CONVERSION = YES;
				GCC_WARN_ABOUT_RETURN_TYPE = YES_ERROR;
				GCC_WARN_UNDECLARED_SELECTOR = YES;
				GCC_WARN_UNINITIALIZED_AUTOS = YES_AGGRESSIVE;
				GCC_WARN_UNUSED_FUNCTION = YES;
				GCC_WARN_UNUSED_VARIABLE = YES;
				IPHONEOS_DEPLOYMENT_TARGET = 8.3;
				MTL_ENABLE_DEBUG_INFO = YES;
				ONLY_ACTIVE_ARCH = YES;
				SDKROOT = iphoneos;
				TARGETED_DEVICE_FAMILY = "1,2";
			};
			name = Debug;
		};
		072DE7BC1B39739B000A1162 /* Release */ = {
			isa = XCBuildConfiguration;
			buildSettings = {
				ALWAYS_SEARCH_USER_PATHS = NO;
				CLANG_CXX_LANGUAGE_STANDARD = "gnu++0x";
				CLANG_CXX_LIBRARY = "libc++";
				CLANG_ENABLE_MODULES = YES;
				CLANG_ENABLE_OBJC_ARC = YES;
				CLANG_WARN_BOOL_CONVERSION = YES;
				CLANG_WARN_CONSTANT_CONVERSION = YES;
				CLANG_WARN_DIRECT_OBJC_ISA_USAGE = YES_ERROR;
				CLANG_WARN_EMPTY_BODY = YES;
				CLANG_WARN_ENUM_CONVERSION = YES;
				CLANG_WARN_INT_CONVERSION = YES;
				CLANG_WARN_OBJC_ROOT_CLASS = YES_ERROR;
				CLANG_WARN_UNREACHABLE_CODE = YES;
				CLANG_WARN__DUPLICATE_METHOD_MATCH = YES;
				"CODE_SIGN_IDENTITY[sdk=iphoneos*]" = "iPhone Developer";
				COPY_PHASE_STRIP = NO;
				DEBUG_INFORMATION_FORMAT = "dwarf-with-dsym";
				ENABLE_NS_ASSERTIONS = NO;
				ENABLE_STRICT_OBJC_MSGSEND = YES;
				GCC_C_LANGUAGE_STANDARD = gnu99;
				GCC_NO_COMMON_BLOCKS = YES;
				GCC_WARN_64_TO_32_BIT_CONVERSION = YES;
				GCC_WARN_ABOUT_RETURN_TYPE = YES_ERROR;
				GCC_WARN_UNDECLARED_SELECTOR = YES;
				GCC_WARN_UNINITIALIZED_AUTOS = YES_AGGRESSIVE;
				GCC_WARN_UNUSED_FUNCTION = YES;
				GCC_WARN_UNUSED_VARIABLE = YES;
				IPHONEOS_DEPLOYMENT_TARGET = 8.3;
				MTL_ENABLE_DEBUG_INFO = NO;
				SDKROOT = iphoneos;
				TARGETED_DEVICE_FAMILY = "1,2";
				VALIDATE_PRODUCT = YES;
			};
			name = Release;
		};
		072DE7BE1B39739B000A1162 /* Debug */ = {
			isa = XCBuildConfiguration;
			baseConfigurationReference = 9780E4F9B0D87DAFC65AC61C /* Pods.debug.xcconfig */;
			buildSettings = {
				ASSETCATALOG_COMPILER_APPICON_NAME = AppIcon;
				FRAMEWORK_SEARCH_PATHS = "$(inherited)";
				INFOPLIST_FILE = NostalgiaMusic/Info.plist;
				LD_RUNPATH_SEARCH_PATHS = "$(inherited) @executable_path/Frameworks";
				PRODUCT_NAME = "$(TARGET_NAME)";
			};
			name = Debug;
		};
		072DE7BF1B39739B000A1162 /* Release */ = {
			isa = XCBuildConfiguration;
			baseConfigurationReference = 34F0AB6AF7E7AA5B13779A62 /* Pods.release.xcconfig */;
			buildSettings = {
				ASSETCATALOG_COMPILER_APPICON_NAME = AppIcon;
				FRAMEWORK_SEARCH_PATHS = "$(inherited)";
				INFOPLIST_FILE = NostalgiaMusic/Info.plist;
				LD_RUNPATH_SEARCH_PATHS = "$(inherited) @executable_path/Frameworks";
				PRODUCT_NAME = "$(TARGET_NAME)";
			};
			name = Release;
		};
		072DE7C11B39739B000A1162 /* Debug */ = {
			isa = XCBuildConfiguration;
			buildSettings = {
				BUNDLE_LOADER = "$(TEST_HOST)";
				FRAMEWORK_SEARCH_PATHS = (
					"$(SDKROOT)/Developer/Library/Frameworks",
					"$(inherited)",
				);
				GCC_PREPROCESSOR_DEFINITIONS = (
					"DEBUG=1",
					"$(inherited)",
				);
				INFOPLIST_FILE = NostalgiaMusicTests/Info.plist;
				LD_RUNPATH_SEARCH_PATHS = "$(inherited) @executable_path/Frameworks @loader_path/Frameworks";
				PRODUCT_NAME = "$(TARGET_NAME)";
				TEST_HOST = "$(BUILT_PRODUCTS_DIR)/NostalgiaMusic.app/NostalgiaMusic";
			};
			name = Debug;
		};
		072DE7C21B39739B000A1162 /* Release */ = {
			isa = XCBuildConfiguration;
			buildSettings = {
				BUNDLE_LOADER = "$(TEST_HOST)";
				FRAMEWORK_SEARCH_PATHS = (
					"$(SDKROOT)/Developer/Library/Frameworks",
					"$(inherited)",
				);
				INFOPLIST_FILE = NostalgiaMusicTests/Info.plist;
				LD_RUNPATH_SEARCH_PATHS = "$(inherited) @executable_path/Frameworks @loader_path/Frameworks";
				PRODUCT_NAME = "$(TARGET_NAME)";
				TEST_HOST = "$(BUILT_PRODUCTS_DIR)/NostalgiaMusic.app/NostalgiaMusic";
			};
			name = Release;
		};
/* End XCBuildConfiguration section */

/* Begin XCConfigurationList section */
		072DE7951B39739B000A1162 /* Build configuration list for PBXProject "NostalgiaMusic" */ = {
			isa = XCConfigurationList;
			buildConfigurations = (
				072DE7BB1B39739B000A1162 /* Debug */,
				072DE7BC1B39739B000A1162 /* Release */,
			);
			defaultConfigurationIsVisible = 0;
			defaultConfigurationName = Release;
		};
		072DE7BD1B39739B000A1162 /* Build configuration list for PBXNativeTarget "NostalgiaMusic" */ = {
			isa = XCConfigurationList;
			buildConfigurations = (
				072DE7BE1B39739B000A1162 /* Debug */,
				072DE7BF1B39739B000A1162 /* Release */,
			);
			defaultConfigurationIsVisible = 0;
			defaultConfigurationName = Release;
		};
		072DE7C01B39739B000A1162 /* Build configuration list for PBXNativeTarget "NostalgiaMusicTests" */ = {
			isa = XCConfigurationList;
			buildConfigurations = (
				072DE7C11B39739B000A1162 /* Debug */,
				072DE7C21B39739B000A1162 /* Release */,
			);
			defaultConfigurationIsVisible = 0;
			defaultConfigurationName = Release;
		};
/* End XCConfigurationList section */
	};
	rootObject = 072DE7921B39739B000A1162 /* Project object */;
}
